
Microsoft Visual Studio Solution File, Format Version 11.00
# Visual Studio 2010
Project("{FAE04EC0-301F-11D3-BF4B-00C04F79EFBC}") = "Pruebas", "Pruebas.csproj", "{D6635CA2-4326-4CEB-BB27-03066E0C0BFB}"
EndProject
Project("{FAE04EC0-301F-11D3-BF4B-00C04F79EFBC}") = "Orbita.Controles.Comunicaciones", "..\..\Orbita.Controles\Orbita.Controles.Comunicaciones\Orbita.Controles.Comunicaciones.csproj", "{7E7DAFD4-3823-46B8-917C-FCEA9431A1A9}"
EndProject
Project("{FAE04EC0-301F-11D3-BF4B-00C04F79EFBC}") = "Orbita.Controles.Comunes", "..\..\Orbita.Controles\Orbita.Controles.Comunes\Orbita.Controles.Comunes.csproj", "{D66C367A-47B7-4464-93D6-92794E4A57C8}"
EndProject
Project("{FAE04EC0-301F-11D3-BF4B-00C04F79EFBC}") = "Orbita.Controles.Shared", "..\..\Orbita.Controles\Orbita.Controles.Shared\Orbita.Controles.Shared.csproj", "{D104B7D1-93CB-46AE-8F84-AA68BB3B2C5E}"
EndProject
Project("{FAE04EC0-301F-11D3-BF4B-00C04F79EFBC}") = "Orbita.Controles.Contenedores", "..\..\Orbita.Controles\Orbita.Controles.Contenedores\Orbita.Controles.Contenedores.csproj", "{B953E685-3E2D-4F93-BB80-805427BBB8A2}"
EndProject
Project("{FAE04EC0-301F-11D3-BF4B-00C04F79EFBC}") = "Orbita.Controles.Grid", "..\..\Orbita.Controles\Orbita.Controles.Grid\Orbita.Controles.Grid.csproj", "{34B632DA-E0C4-4F27-AAFD-AFAD64604BFA}"
EndProject
Project("{FAE04EC0-301F-11D3-BF4B-00C04F79EFBC}") = "Orbita.Controles.Menu", "..\..\Orbita.Controles\Orbita.Controles.Menu\Orbita.Controles.Menu.csproj", "{3FC7CCF4-13B4-4B2B-95A9-CC178C85C343}"
EndProject
Project("{FAE04EC0-301F-11D3-BF4B-00C04F79EFBC}") = "Orbita.Controles.Estilos", "..\..\Orbita.Controles\Orbita.Controles.Estilos\Orbita.Controles.Estilos.csproj", "{69BCFE99-17D1-4F08-AD49-95C395D247A6}"
EndProject
Global
	GlobalSection(TeamFoundationVersionControl) = preSolution
		SccNumberOfProjects = 9
		SccEnterpriseProvider = {4CA58AB2-18FA-4F8D-95D4-32DDF27D184C}
		SccTeamFoundationServer = http://01x0019:8080/tfs/orbitasoftware
		SccProjectUniqueName0 = ..\\..\\Orbita.Controles\\Orbita.Controles.Comunicaciones\\Orbita.Controles.Comunicaciones.csproj
		SccProjectName0 = ../../Orbita.Controles/Orbita.Controles.Comunicaciones
		SccLocalPath0 = ..\\..\\Orbita.Controles\\Orbita.Controles.Comunicaciones
		SccProjectUniqueName1 = ..\\..\\Orbita.Controles\\Orbita.Controles.Comunes\\Orbita.Controles.Comunes.csproj
		SccProjectName1 = ../../Orbita.Controles/Orbita.Controles.Comunes
		SccLocalPath1 = ..\\..\\Orbita.Controles\\Orbita.Controles.Comunes
		SccProjectUniqueName2 = ..\\..\\Orbita.Controles\\Orbita.Controles.Shared\\Orbita.Controles.Shared.csproj
		SccProjectName2 = ../../Orbita.Controles/Orbita.Controles.Shared
		SccLocalPath2 = ..\\..\\Orbita.Controles\\Orbita.Controles.Shared
		SccProjectUniqueName3 = ..\\..\\Orbita.Controles\\Orbita.Controles.Contenedores\\Orbita.Controles.Contenedores.csproj
		SccProjectName3 = ../../Orbita.Controles/Orbita.Controles.Contenedores
		SccLocalPath3 = ..\\..\\Orbita.Controles\\Orbita.Controles.Contenedores
		SccProjectUniqueName4 = ..\\..\\Orbita.Controles\\Orbita.Controles.Grid\\Orbita.Controles.Grid.csproj
		SccProjectName4 = ../../Orbita.Controles/Orbita.Controles.Grid
		SccLocalPath4 = ..\\..\\Orbita.Controles\\Orbita.Controles.Grid
		SccProjectUniqueName5 = ..\\..\\Orbita.Controles\\Orbita.Controles.Menu\\Orbita.Controles.Menu.csproj
		SccProjectName5 = ../../Orbita.Controles/Orbita.Controles.Menu
		SccLocalPath5 = ..\\..\\Orbita.Controles\\Orbita.Controles.Menu
		SccProjectUniqueName6 = ..\\..\\Orbita.Controles\\Orbita.Controles.Estilos\\Orbita.Controles.Estilos.csproj
		SccProjectName6 = ../../Orbita.Controles/Orbita.Controles.Estilos
		SccLocalPath6 = ..\\..\\Orbita.Controles\\Orbita.Controles.Estilos
		SccLocalPath7 = .
		SccProjectUniqueName8 = Pruebas.csproj
		SccLocalPath8 = .
	EndGlobalSection
	GlobalSection(SolutionConfigurationPlatforms) = preSolution
		Debug|x86 = Debug|x86
		Framework|x86 = Framework|x86
		Release|x86 = Release|x86
	EndGlobalSection
	GlobalSection(ProjectConfigurationPlatforms) = postSolution
		{D6635CA2-4326-4CEB-BB27-03066E0C0BFB}.Debug|x86.ActiveCfg = Debug|x86
		{D6635CA2-4326-4CEB-BB27-03066E0C0BFB}.Debug|x86.Build.0 = Debug|x86
		{D6635CA2-4326-4CEB-BB27-03066E0C0BFB}.Framework|x86.ActiveCfg = Release|x86
		{D6635CA2-4326-4CEB-BB27-03066E0C0BFB}.Framework|x86.Build.0 = Release|x86
		{D6635CA2-4326-4CEB-BB27-03066E0C0BFB}.Release|x86.ActiveCfg = Release|x86
		{D6635CA2-4326-4CEB-BB27-03066E0C0BFB}.Release|x86.Build.0 = Release|x86
		{7E7DAFD4-3823-46B8-917C-FCEA9431A1A9}.Debug|x86.ActiveCfg = Debug|x86
		{7E7DAFD4-3823-46B8-917C-FCEA9431A1A9}.Debug|x86.Build.0 = Debug|x86
		{7E7DAFD4-3823-46B8-917C-FCEA9431A1A9}.Framework|x86.ActiveCfg = Framework|x86
		{7E7DAFD4-3823-46B8-917C-FCEA9431A1A9}.Framework|x86.Build.0 = Framework|x86
		{7E7DAFD4-3823-46B8-917C-FCEA9431A1A9}.Release|x86.ActiveCfg = Release|x86
		{7E7DAFD4-3823-46B8-917C-FCEA9431A1A9}.Release|x86.Build.0 = Release|x86
		{D66C367A-47B7-4464-93D6-92794E4A57C8}.Debug|x86.ActiveCfg = Debug|x86
		{D66C367A-47B7-4464-93D6-92794E4A57C8}.Debug|x86.Build.0 = Debug|x86
		{D66C367A-47B7-4464-93D6-92794E4A57C8}.Framework|x86.ActiveCfg = Framework|x86
		{D66C367A-47B7-4464-93D6-92794E4A57C8}.Framework|x86.Build.0 = Framework|x86
		{D66C367A-47B7-4464-93D6-92794E4A57C8}.Release|x86.ActiveCfg = Release|x86
		{D66C367A-47B7-4464-93D6-92794E4A57C8}.Release|x86.Build.0 = Release|x86
		{D104B7D1-93CB-46AE-8F84-AA68BB3B2C5E}.Debug|x86.ActiveCfg = Debug|x86
		{D104B7D1-93CB-46AE-8F84-AA68BB3B2C5E}.Debug|x86.Build.0 = Debug|x86
		{D104B7D1-93CB-46AE-8F84-AA68BB3B2C5E}.Framework|x86.ActiveCfg = Framework|x86
		{D104B7D1-93CB-46AE-8F84-AA68BB3B2C5E}.Framework|x86.Build.0 = Framework|x86
		{D104B7D1-93CB-46AE-8F84-AA68BB3B2C5E}.Release|x86.ActiveCfg = Release|x86
		{D104B7D1-93CB-46AE-8F84-AA68BB3B2C5E}.Release|x86.Build.0 = Release|x86
		{B953E685-3E2D-4F93-BB80-805427BBB8A2}.Debug|x86.ActiveCfg = Debug|x86
		{B953E685-3E2D-4F93-BB80-805427BBB8A2}.Debug|x86.Build.0 = Debug|x86
		{B953E685-3E2D-4F93-BB80-805427BBB8A2}.Framework|x86.ActiveCfg = Framework|x86
		{B953E685-3E2D-4F93-BB80-805427BBB8A2}.Framework|x86.Build.0 = Framework|x86
		{B953E685-3E2D-4F93-BB80-805427BBB8A2}.Release|x86.ActiveCfg = Release|x86
		{B953E685-3E2D-4F93-BB80-805427BBB8A2}.Release|x86.Build.0 = Release|x86
		{34B632DA-E0C4-4F27-AAFD-AFAD64604BFA}.Debug|x86.ActiveCfg = Debug|x86
		{34B632DA-E0C4-4F27-AAFD-AFAD64604BFA}.Debug|x86.Build.0 = Debug|x86
		{34B632DA-E0C4-4F27-AAFD-AFAD64604BFA}.Framework|x86.ActiveCfg = Framework|x86
		{34B632DA-E0C4-4F27-AAFD-AFAD64604BFA}.Framework|x86.Build.0 = Framework|x86
		{34B632DA-E0C4-4F27-AAFD-AFAD64604BFA}.Release|x86.ActiveCfg = Release|x86
		{34B632DA-E0C4-4F27-AAFD-AFAD64604BFA}.Release|x86.Build.0 = Release|x86
		{3FC7CCF4-13B4-4B2B-95A9-CC178C85C343}.Debug|x86.ActiveCfg = Debug|x86
		{3FC7CCF4-13B4-4B2B-95A9-CC178C85C343}.Debug|x86.Build.0 = Debug|x86
		{3FC7CCF4-13B4-4B2B-95A9-CC178C85C343}.Framework|x86.ActiveCfg = Framework|x86
		{3FC7CCF4-13B4-4B2B-95A9-CC178C85C343}.Framework|x86.Build.0 = Framework|x86
		{3FC7CCF4-13B4-4B2B-95A9-CC178C85C343}.Release|x86.ActiveCfg = Release|x86
		{3FC7CCF4-13B4-4B2B-95A9-CC178C85C343}.Release|x86.Build.0 = Release|x86
		{69BCFE99-17D1-4F08-AD49-95C395D247A6}.Debug|x86.ActiveCfg = Debug|x86
		{69BCFE99-17D1-4F08-AD49-95C395D247A6}.Debug|x86.Build.0 = Debug|x86
		{69BCFE99-17D1-4F08-AD49-95C395D247A6}.Framework|x86.ActiveCfg = Framework|x86
		{69BCFE99-17D1-4F08-AD49-95C395D247A6}.Framework|x86.Build.0 = Framework|x86
		{69BCFE99-17D1-4F08-AD49-95C395D247A6}.Release|x86.ActiveCfg = Release|x86
		{69BCFE99-17D1-4F08-AD49-95C395D247A6}.Release|x86.Build.0 = Release|x86
	EndGlobalSection
	GlobalSection(SolutionProperties) = preSolution
		HideSolutionNode = FALSE
	EndGlobalSection
EndGlobal
