
Microsoft Visual Studio Solution File, Format Version 11.00
# Visual Studio 2010
Project("{FAE04EC0-301F-11D3-BF4B-00C04F79EFBC}") = "Orbita.VA.MaquinasEstados", "Orbita.VA.MaquinasEstados\Orbita.VA.MaquinasEstados.csproj", "{1CA30AAB-0DA9-4947-B5C5-E81E9A2D9C18}"
EndProject
Project("{FAE04EC0-301F-11D3-BF4B-00C04F79EFBC}") = "Orbita.VA.Comun", "Orbita.VA.Comun\Orbita.VA.Comun.csproj", "{CC36FE63-3F16-4355-A11D-F0926DFBC977}"
EndProject
Project("{FAE04EC0-301F-11D3-BF4B-00C04F79EFBC}") = "Orbita.VA.Funciones", "Orbita.VA.Funciones\Orbita.VA.Funciones.csproj", "{80C544D1-CA4E-4836-84DD-EB90E7042B5B}"
EndProject
Project("{FAE04EC0-301F-11D3-BF4B-00C04F79EFBC}") = "Orbita.VA.GeneradorEscenarios", "Orbita.VA.GeneradorEscenarios\Orbita.VA.GeneradorEscenarios.csproj", "{0E3EC51A-D639-4815-A4DF-A119362891C3}"
EndProject
Project("{FAE04EC0-301F-11D3-BF4B-00C04F79EFBC}") = "Orbita.VA.Hardware", "Orbita.VA.Hardware\Orbita.VA.Hardware.csproj", "{B336255B-92F8-4DAE-9051-C930269AA460}"
EndProject
Project("{2150E333-8FDC-42A3-9474-1A3956D46DE8}") = "Comun", "Comun", "{F1AD13C4-9038-4D5E-9043-DA3E801D1D3F}"
EndProject
Project("{2150E333-8FDC-42A3-9474-1A3956D46DE8}") = "Funciones de visión", "Funciones de visión", "{83E4A27F-6152-4A60-9F5F-C170E3880B64}"
EndProject
Project("{2150E333-8FDC-42A3-9474-1A3956D46DE8}") = "Máquinas de estados", "Máquinas de estados", "{6787E78B-E2D2-446A-B8D5-76E7ADFDC3D7}"
EndProject
Project("{2150E333-8FDC-42A3-9474-1A3956D46DE8}") = "Hardware", "Hardware", "{E029329F-54B6-48BC-8CE4-BF4A4EE6682B}"
EndProject
Project("{2150E333-8FDC-42A3-9474-1A3956D46DE8}") = "Utilidades", "Utilidades", "{709E1BD6-0679-4297-ACEB-1A6D51FD5C2F}"
EndProject
Project("{2150E333-8FDC-42A3-9474-1A3956D46DE8}") = "Pruebas", "Pruebas", "{1062AC21-413F-4E2F-A11D-C50D3AA36167}"
EndProject
Project("{FAE04EC0-301F-11D3-BF4B-00C04F79EFBC}") = "Prueba", "Prueba\Prueba.csproj", "{39252629-A37A-4B3F-ACA2-31F05288EA97}"
EndProject
Global
	GlobalSection(TeamFoundationVersionControl) = preSolution
		SccNumberOfProjects = 7
		SccEnterpriseProvider = {4CA58AB2-18FA-4F8D-95D4-32DDF27D184C}
		SccTeamFoundationServer = http://01x0019:8080/tfs/orbitasoftware
		SccLocalPath0 = .
		SccProjectUniqueName1 = Orbita.VA.Comun\\Orbita.VA.Comun.csproj
		SccProjectTopLevelParentUniqueName1 = Orbita.VA.sln
		SccProjectName1 = Orbita.VA.Comun
		SccLocalPath1 = Orbita.VA.Comun
		SccProjectUniqueName2 = Orbita.VA.Funciones\\Orbita.VA.Funciones.csproj
		SccProjectTopLevelParentUniqueName2 = Orbita.VA.sln
		SccProjectName2 = Orbita.VA.Funciones
		SccLocalPath2 = Orbita.VA.Funciones
		SccProjectUniqueName3 = Orbita.VA.GeneradorEscenarios\\Orbita.VA.GeneradorEscenarios.csproj
		SccProjectTopLevelParentUniqueName3 = Orbita.VA.sln
		SccProjectName3 = Orbita.VA.GeneradorEscenarios
		SccLocalPath3 = Orbita.VA.GeneradorEscenarios
		SccProjectUniqueName4 = Orbita.VA.Hardware\\Orbita.VA.Hardware.csproj
		SccProjectTopLevelParentUniqueName4 = Orbita.VA.sln
		SccProjectName4 = Orbita.VA.Hardware
		SccLocalPath4 = Orbita.VA.Hardware
		SccProjectUniqueName5 = Orbita.VA.MaquinasEstados\\Orbita.VA.MaquinasEstados.csproj
		SccProjectTopLevelParentUniqueName5 = Orbita.VA.sln
		SccProjectName5 = Orbita.VA.MaquinasEstados
		SccLocalPath5 = Orbita.VA.MaquinasEstados
		SccProjectUniqueName6 = Prueba\\Prueba.csproj
		SccProjectTopLevelParentUniqueName6 = Orbita.VA.sln
		SccProjectName6 = Prueba
		SccLocalPath6 = Prueba
	EndGlobalSection
	GlobalSection(SolutionConfigurationPlatforms) = preSolution
		Debug|Any CPU = Debug|Any CPU
		Debug|x64 = Debug|x64
		Debug|x86 = Debug|x86
		Forzar32|Any CPU = Forzar32|Any CPU
		Forzar32|x64 = Forzar32|x64
		Forzar32|x86 = Forzar32|x86
		Ofuscado|Any CPU = Ofuscado|Any CPU
		Ofuscado|x64 = Ofuscado|x64
		Ofuscado|x86 = Ofuscado|x86
		Release|Any CPU = Release|Any CPU
		Release|x64 = Release|x64
		Release|x86 = Release|x86
	EndGlobalSection
	GlobalSection(ProjectConfigurationPlatforms) = postSolution
		{1CA30AAB-0DA9-4947-B5C5-E81E9A2D9C18}.Debug|Any CPU.ActiveCfg = Release|x86
		{1CA30AAB-0DA9-4947-B5C5-E81E9A2D9C18}.Debug|Any CPU.Build.0 = Release|x86
		{1CA30AAB-0DA9-4947-B5C5-E81E9A2D9C18}.Debug|x64.ActiveCfg = Debug|x64
		{1CA30AAB-0DA9-4947-B5C5-E81E9A2D9C18}.Debug|x64.Build.0 = Debug|x64
		{1CA30AAB-0DA9-4947-B5C5-E81E9A2D9C18}.Debug|x86.ActiveCfg = Debug|x86
		{1CA30AAB-0DA9-4947-B5C5-E81E9A2D9C18}.Debug|x86.Build.0 = Debug|x86
		{1CA30AAB-0DA9-4947-B5C5-E81E9A2D9C18}.Forzar32|Any CPU.ActiveCfg = Forzar32|Any CPU
		{1CA30AAB-0DA9-4947-B5C5-E81E9A2D9C18}.Forzar32|Any CPU.Build.0 = Forzar32|Any CPU
		{1CA30AAB-0DA9-4947-B5C5-E81E9A2D9C18}.Forzar32|x64.ActiveCfg = Forzar32|x86
		{1CA30AAB-0DA9-4947-B5C5-E81E9A2D9C18}.Forzar32|x86.ActiveCfg = Forzar32|x86
		{1CA30AAB-0DA9-4947-B5C5-E81E9A2D9C18}.Forzar32|x86.Build.0 = Forzar32|x86
		{1CA30AAB-0DA9-4947-B5C5-E81E9A2D9C18}.Ofuscado|Any CPU.ActiveCfg = Ofuscado|Any CPU
		{1CA30AAB-0DA9-4947-B5C5-E81E9A2D9C18}.Ofuscado|Any CPU.Build.0 = Ofuscado|Any CPU
		{1CA30AAB-0DA9-4947-B5C5-E81E9A2D9C18}.Ofuscado|x64.ActiveCfg = Ofuscado|x86
		{1CA30AAB-0DA9-4947-B5C5-E81E9A2D9C18}.Ofuscado|x86.ActiveCfg = Ofuscado|x86
		{1CA30AAB-0DA9-4947-B5C5-E81E9A2D9C18}.Ofuscado|x86.Build.0 = Ofuscado|x86
		{1CA30AAB-0DA9-4947-B5C5-E81E9A2D9C18}.Release|Any CPU.ActiveCfg = Release|Any CPU
		{1CA30AAB-0DA9-4947-B5C5-E81E9A2D9C18}.Release|Any CPU.Build.0 = Release|Any CPU
		{1CA30AAB-0DA9-4947-B5C5-E81E9A2D9C18}.Release|x64.ActiveCfg = Release|x64
		{1CA30AAB-0DA9-4947-B5C5-E81E9A2D9C18}.Release|x64.Build.0 = Release|x64
		{1CA30AAB-0DA9-4947-B5C5-E81E9A2D9C18}.Release|x86.ActiveCfg = Release|x86
		{1CA30AAB-0DA9-4947-B5C5-E81E9A2D9C18}.Release|x86.Build.0 = Release|x86
		{CC36FE63-3F16-4355-A11D-F0926DFBC977}.Debug|Any CPU.ActiveCfg = Release|x86
		{CC36FE63-3F16-4355-A11D-F0926DFBC977}.Debug|Any CPU.Build.0 = Release|x86
		{CC36FE63-3F16-4355-A11D-F0926DFBC977}.Debug|x64.ActiveCfg = Debug|x64
		{CC36FE63-3F16-4355-A11D-F0926DFBC977}.Debug|x64.Build.0 = Debug|x64
		{CC36FE63-3F16-4355-A11D-F0926DFBC977}.Debug|x86.ActiveCfg = Debug|x86
		{CC36FE63-3F16-4355-A11D-F0926DFBC977}.Debug|x86.Build.0 = Debug|x86
		{CC36FE63-3F16-4355-A11D-F0926DFBC977}.Forzar32|Any CPU.ActiveCfg = Forzar32|Any CPU
		{CC36FE63-3F16-4355-A11D-F0926DFBC977}.Forzar32|Any CPU.Build.0 = Forzar32|Any CPU
		{CC36FE63-3F16-4355-A11D-F0926DFBC977}.Forzar32|x64.ActiveCfg = Forzar32|x86
		{CC36FE63-3F16-4355-A11D-F0926DFBC977}.Forzar32|x86.ActiveCfg = Forzar32|x86
		{CC36FE63-3F16-4355-A11D-F0926DFBC977}.Forzar32|x86.Build.0 = Forzar32|x86
		{CC36FE63-3F16-4355-A11D-F0926DFBC977}.Ofuscado|Any CPU.ActiveCfg = Ofuscado|Any CPU
		{CC36FE63-3F16-4355-A11D-F0926DFBC977}.Ofuscado|Any CPU.Build.0 = Ofuscado|Any CPU
		{CC36FE63-3F16-4355-A11D-F0926DFBC977}.Ofuscado|x64.ActiveCfg = Ofuscado|x86
		{CC36FE63-3F16-4355-A11D-F0926DFBC977}.Ofuscado|x86.ActiveCfg = Ofuscado|x86
		{CC36FE63-3F16-4355-A11D-F0926DFBC977}.Ofuscado|x86.Build.0 = Ofuscado|x86
		{CC36FE63-3F16-4355-A11D-F0926DFBC977}.Release|Any CPU.ActiveCfg = Release|Any CPU
		{CC36FE63-3F16-4355-A11D-F0926DFBC977}.Release|Any CPU.Build.0 = Release|Any CPU
		{CC36FE63-3F16-4355-A11D-F0926DFBC977}.Release|x64.ActiveCfg = Release|x64
		{CC36FE63-3F16-4355-A11D-F0926DFBC977}.Release|x64.Build.0 = Release|x64
		{CC36FE63-3F16-4355-A11D-F0926DFBC977}.Release|x86.ActiveCfg = Release|x86
		{CC36FE63-3F16-4355-A11D-F0926DFBC977}.Release|x86.Build.0 = Release|x86
		{80C544D1-CA4E-4836-84DD-EB90E7042B5B}.Debug|Any CPU.ActiveCfg = Release|x86
		{80C544D1-CA4E-4836-84DD-EB90E7042B5B}.Debug|Any CPU.Build.0 = Release|x86
		{80C544D1-CA4E-4836-84DD-EB90E7042B5B}.Debug|x64.ActiveCfg = Debug|x64
		{80C544D1-CA4E-4836-84DD-EB90E7042B5B}.Debug|x64.Build.0 = Debug|x64
		{80C544D1-CA4E-4836-84DD-EB90E7042B5B}.Debug|x86.ActiveCfg = Debug|x86
		{80C544D1-CA4E-4836-84DD-EB90E7042B5B}.Debug|x86.Build.0 = Debug|x86
		{80C544D1-CA4E-4836-84DD-EB90E7042B5B}.Forzar32|Any CPU.ActiveCfg = Forzar32|Any CPU
		{80C544D1-CA4E-4836-84DD-EB90E7042B5B}.Forzar32|Any CPU.Build.0 = Forzar32|Any CPU
		{80C544D1-CA4E-4836-84DD-EB90E7042B5B}.Forzar32|x64.ActiveCfg = Forzar32|x86
		{80C544D1-CA4E-4836-84DD-EB90E7042B5B}.Forzar32|x86.ActiveCfg = Forzar32|x86
		{80C544D1-CA4E-4836-84DD-EB90E7042B5B}.Forzar32|x86.Build.0 = Forzar32|x86
		{80C544D1-CA4E-4836-84DD-EB90E7042B5B}.Ofuscado|Any CPU.ActiveCfg = Ofuscado|Any CPU
		{80C544D1-CA4E-4836-84DD-EB90E7042B5B}.Ofuscado|Any CPU.Build.0 = Ofuscado|Any CPU
		{80C544D1-CA4E-4836-84DD-EB90E7042B5B}.Ofuscado|x64.ActiveCfg = Ofuscado|x86
		{80C544D1-CA4E-4836-84DD-EB90E7042B5B}.Ofuscado|x86.ActiveCfg = Ofuscado|x86
		{80C544D1-CA4E-4836-84DD-EB90E7042B5B}.Ofuscado|x86.Build.0 = Ofuscado|x86
		{80C544D1-CA4E-4836-84DD-EB90E7042B5B}.Release|Any CPU.ActiveCfg = Release|Any CPU
		{80C544D1-CA4E-4836-84DD-EB90E7042B5B}.Release|Any CPU.Build.0 = Release|Any CPU
		{80C544D1-CA4E-4836-84DD-EB90E7042B5B}.Release|x64.ActiveCfg = Release|x64
		{80C544D1-CA4E-4836-84DD-EB90E7042B5B}.Release|x64.Build.0 = Release|x64
		{80C544D1-CA4E-4836-84DD-EB90E7042B5B}.Release|x86.ActiveCfg = Release|x86
		{80C544D1-CA4E-4836-84DD-EB90E7042B5B}.Release|x86.Build.0 = Release|x86
		{0E3EC51A-D639-4815-A4DF-A119362891C3}.Debug|Any CPU.ActiveCfg = Release|x86
		{0E3EC51A-D639-4815-A4DF-A119362891C3}.Debug|Any CPU.Build.0 = Release|x86
		{0E3EC51A-D639-4815-A4DF-A119362891C3}.Debug|x64.ActiveCfg = Debug|x64
		{0E3EC51A-D639-4815-A4DF-A119362891C3}.Debug|x64.Build.0 = Debug|x64
		{0E3EC51A-D639-4815-A4DF-A119362891C3}.Debug|x86.ActiveCfg = Debug|Any CPU
		{0E3EC51A-D639-4815-A4DF-A119362891C3}.Forzar32|Any CPU.ActiveCfg = Ofuscado|Any CPU
		{0E3EC51A-D639-4815-A4DF-A119362891C3}.Forzar32|Any CPU.Build.0 = Ofuscado|Any CPU
		{0E3EC51A-D639-4815-A4DF-A119362891C3}.Forzar32|x64.ActiveCfg = Ofuscado|x86
		{0E3EC51A-D639-4815-A4DF-A119362891C3}.Forzar32|x86.ActiveCfg = Ofuscado|Any CPU
		{0E3EC51A-D639-4815-A4DF-A119362891C3}.Ofuscado|Any CPU.ActiveCfg = Ofuscado|Any CPU
		{0E3EC51A-D639-4815-A4DF-A119362891C3}.Ofuscado|Any CPU.Build.0 = Ofuscado|Any CPU
		{0E3EC51A-D639-4815-A4DF-A119362891C3}.Ofuscado|x64.ActiveCfg = Ofuscado|x64
		{0E3EC51A-D639-4815-A4DF-A119362891C3}.Ofuscado|x64.Build.0 = Ofuscado|x64
		{0E3EC51A-D639-4815-A4DF-A119362891C3}.Ofuscado|x86.ActiveCfg = Ofuscado|Any CPU
		{0E3EC51A-D639-4815-A4DF-A119362891C3}.Release|Any CPU.ActiveCfg = Release|Any CPU
		{0E3EC51A-D639-4815-A4DF-A119362891C3}.Release|Any CPU.Build.0 = Release|Any CPU
		{0E3EC51A-D639-4815-A4DF-A119362891C3}.Release|x64.ActiveCfg = Release|x64
		{0E3EC51A-D639-4815-A4DF-A119362891C3}.Release|x64.Build.0 = Release|x64
		{0E3EC51A-D639-4815-A4DF-A119362891C3}.Release|x86.ActiveCfg = Release|x86
		{0E3EC51A-D639-4815-A4DF-A119362891C3}.Release|x86.Build.0 = Release|x86
		{B336255B-92F8-4DAE-9051-C930269AA460}.Debug|Any CPU.ActiveCfg = Release|x86
		{B336255B-92F8-4DAE-9051-C930269AA460}.Debug|Any CPU.Build.0 = Release|x86
		{B336255B-92F8-4DAE-9051-C930269AA460}.Debug|x64.ActiveCfg = Debug|x64
		{B336255B-92F8-4DAE-9051-C930269AA460}.Debug|x64.Build.0 = Debug|x64
		{B336255B-92F8-4DAE-9051-C930269AA460}.Debug|x86.ActiveCfg = Debug|x86
		{B336255B-92F8-4DAE-9051-C930269AA460}.Debug|x86.Build.0 = Debug|x86
		{B336255B-92F8-4DAE-9051-C930269AA460}.Forzar32|Any CPU.ActiveCfg = Forzar32|Any CPU
		{B336255B-92F8-4DAE-9051-C930269AA460}.Forzar32|Any CPU.Build.0 = Forzar32|Any CPU
		{B336255B-92F8-4DAE-9051-C930269AA460}.Forzar32|x64.ActiveCfg = Forzar32|x86
		{B336255B-92F8-4DAE-9051-C930269AA460}.Forzar32|x86.ActiveCfg = Forzar32|x86
		{B336255B-92F8-4DAE-9051-C930269AA460}.Forzar32|x86.Build.0 = Forzar32|x86
		{B336255B-92F8-4DAE-9051-C930269AA460}.Ofuscado|Any CPU.ActiveCfg = Ofuscado|Any CPU
		{B336255B-92F8-4DAE-9051-C930269AA460}.Ofuscado|Any CPU.Build.0 = Ofuscado|Any CPU
		{B336255B-92F8-4DAE-9051-C930269AA460}.Ofuscado|x64.ActiveCfg = Ofuscado|x86
		{B336255B-92F8-4DAE-9051-C930269AA460}.Ofuscado|x86.ActiveCfg = Ofuscado|x86
		{B336255B-92F8-4DAE-9051-C930269AA460}.Ofuscado|x86.Build.0 = Ofuscado|x86
		{B336255B-92F8-4DAE-9051-C930269AA460}.Release|Any CPU.ActiveCfg = Release|Any CPU
		{B336255B-92F8-4DAE-9051-C930269AA460}.Release|Any CPU.Build.0 = Release|Any CPU
		{B336255B-92F8-4DAE-9051-C930269AA460}.Release|x64.ActiveCfg = Release|x64
		{B336255B-92F8-4DAE-9051-C930269AA460}.Release|x64.Build.0 = Release|x64
		{B336255B-92F8-4DAE-9051-C930269AA460}.Release|x86.ActiveCfg = Release|x86
		{B336255B-92F8-4DAE-9051-C930269AA460}.Release|x86.Build.0 = Release|x86
		{39252629-A37A-4B3F-ACA2-31F05288EA97}.Debug|Any CPU.ActiveCfg = Debug|x86
		{39252629-A37A-4B3F-ACA2-31F05288EA97}.Debug|x64.ActiveCfg = Debug|x64
		{39252629-A37A-4B3F-ACA2-31F05288EA97}.Debug|x64.Build.0 = Debug|x64
		{39252629-A37A-4B3F-ACA2-31F05288EA97}.Debug|x86.ActiveCfg = Debug|x86
		{39252629-A37A-4B3F-ACA2-31F05288EA97}.Debug|x86.Build.0 = Debug|x86
		{39252629-A37A-4B3F-ACA2-31F05288EA97}.Forzar32|Any CPU.ActiveCfg = Release|x86
		{39252629-A37A-4B3F-ACA2-31F05288EA97}.Forzar32|x64.ActiveCfg = Release|x86
		{39252629-A37A-4B3F-ACA2-31F05288EA97}.Forzar32|x86.ActiveCfg = Release|x86
		{39252629-A37A-4B3F-ACA2-31F05288EA97}.Forzar32|x86.Build.0 = Release|x86
		{39252629-A37A-4B3F-ACA2-31F05288EA97}.Ofuscado|Any CPU.ActiveCfg = Release|x86
		{39252629-A37A-4B3F-ACA2-31F05288EA97}.Ofuscado|x64.ActiveCfg = Release|x86
		{39252629-A37A-4B3F-ACA2-31F05288EA97}.Ofuscado|x86.ActiveCfg = Release|x86
		{39252629-A37A-4B3F-ACA2-31F05288EA97}.Ofuscado|x86.Build.0 = Release|x86
		{39252629-A37A-4B3F-ACA2-31F05288EA97}.Release|Any CPU.ActiveCfg = Release|x86
		{39252629-A37A-4B3F-ACA2-31F05288EA97}.Release|x64.ActiveCfg = Release|x64
		{39252629-A37A-4B3F-ACA2-31F05288EA97}.Release|x64.Build.0 = Release|x64
		{39252629-A37A-4B3F-ACA2-31F05288EA97}.Release|x86.ActiveCfg = Release|x86
		{39252629-A37A-4B3F-ACA2-31F05288EA97}.Release|x86.Build.0 = Release|x86
	EndGlobalSection
	GlobalSection(SolutionProperties) = preSolution
		HideSolutionNode = FALSE
	EndGlobalSection
	GlobalSection(NestedProjects) = preSolution
		{1CA30AAB-0DA9-4947-B5C5-E81E9A2D9C18} = {6787E78B-E2D2-446A-B8D5-76E7ADFDC3D7}
		{CC36FE63-3F16-4355-A11D-F0926DFBC977} = {F1AD13C4-9038-4D5E-9043-DA3E801D1D3F}
		{80C544D1-CA4E-4836-84DD-EB90E7042B5B} = {83E4A27F-6152-4A60-9F5F-C170E3880B64}
		{0E3EC51A-D639-4815-A4DF-A119362891C3} = {709E1BD6-0679-4297-ACEB-1A6D51FD5C2F}
		{B336255B-92F8-4DAE-9051-C930269AA460} = {E029329F-54B6-48BC-8CE4-BF4A4EE6682B}
		{39252629-A37A-4B3F-ACA2-31F05288EA97} = {1062AC21-413F-4E2F-A11D-C50D3AA36167}
	EndGlobalSection
EndGlobal
