
Microsoft Visual Studio Solution File, Format Version 11.00
# Visual Studio 2010
Project("{FAE04EC0-301F-11D3-BF4B-00C04F79EFBC}") = "Orbita.Framework", "Orbita.Framework\Orbita.Framework.csproj", "{675AADC6-EC8B-47F8-966E-882FACCCDB41}"
EndProject
Project("{FAE04EC0-301F-11D3-BF4B-00C04F79EFBC}") = "Orbita.Framework.Core", "Orbita.Framework.Core\Orbita.Framework.Core.csproj", "{F487D161-E29E-4039-89EB-07FC1DA15D39}"
EndProject
Project("{FAE04EC0-301F-11D3-BF4B-00C04F79EFBC}") = "Orbita.Framework.Extensiones", "Orbita.Framework.Extensiones\Orbita.Framework.Extensiones.csproj", "{49355750-A881-4527-9844-E5EB04B0E2DC}"
EndProject
Project("{FAE04EC0-301F-11D3-BF4B-00C04F79EFBC}") = "Orbita.Framework.PluginManager", "Orbita.Framework.PluginManager\Orbita.Framework.PluginManager.csproj", "{23F5ED03-3278-452F-949A-C1657C73A798}"
EndProject
Project("{FAE04EC0-301F-11D3-BF4B-00C04F79EFBC}") = "Orbita.Controles.Autenticacion", "..\Orbita.Controles\Orbita.Controles.Autenticacion\Orbita.Controles.Autenticacion.csproj", "{298D55EA-3C54-4D2F-9CF9-DA76531931EC}"
EndProject
Global
	GlobalSection(TeamFoundationVersionControl) = preSolution
		SccNumberOfProjects = 6
		SccEnterpriseProvider = {4CA58AB2-18FA-4F8D-95D4-32DDF27D184C}
		SccTeamFoundationServer = http://01x0019:8080/tfs/orbitasoftware
		SccLocalPath0 = .
		SccProjectUniqueName1 = ..\\Orbita.Controles\\Orbita.Controles.Autenticacion\\Orbita.Controles.Autenticacion.csproj
		SccProjectName1 = ../Orbita.Controles/Orbita.Controles.Autenticacion
		SccLocalPath1 = ..\\Orbita.Controles\\Orbita.Controles.Autenticacion
		SccProjectUniqueName2 = Orbita.Framework\\Orbita.Framework.csproj
		SccProjectName2 = Orbita.Framework
		SccLocalPath2 = Orbita.Framework
		SccProjectUniqueName3 = Orbita.Framework.Core\\Orbita.Framework.Core.csproj
		SccProjectName3 = Orbita.Framework.Core
		SccLocalPath3 = Orbita.Framework.Core
		SccProjectUniqueName4 = Orbita.Framework.Extensiones\\Orbita.Framework.Extensiones.csproj
		SccProjectName4 = Orbita.Framework.Extensiones
		SccLocalPath4 = Orbita.Framework.Extensiones
		SccProjectUniqueName5 = Orbita.Framework.PluginManager\\Orbita.Framework.PluginManager.csproj
		SccProjectName5 = Orbita.Framework.PluginManager
		SccLocalPath5 = Orbita.Framework.PluginManager
	EndGlobalSection
	GlobalSection(SolutionConfigurationPlatforms) = preSolution
		Debug|Any CPU = Debug|Any CPU
		Debug|Mixed Platforms = Debug|Mixed Platforms
		Debug|x86 = Debug|x86
		Framework|Any CPU = Framework|Any CPU
		Framework|Mixed Platforms = Framework|Mixed Platforms
		Framework|x86 = Framework|x86
		Release|Any CPU = Release|Any CPU
		Release|Mixed Platforms = Release|Mixed Platforms
		Release|x86 = Release|x86
	EndGlobalSection
	GlobalSection(ProjectConfigurationPlatforms) = postSolution
		{675AADC6-EC8B-47F8-966E-882FACCCDB41}.Debug|Any CPU.ActiveCfg = Debug|x86
		{675AADC6-EC8B-47F8-966E-882FACCCDB41}.Debug|Mixed Platforms.ActiveCfg = Debug|x86
		{675AADC6-EC8B-47F8-966E-882FACCCDB41}.Debug|Mixed Platforms.Build.0 = Debug|x86
		{675AADC6-EC8B-47F8-966E-882FACCCDB41}.Debug|x86.ActiveCfg = Debug|x86
		{675AADC6-EC8B-47F8-966E-882FACCCDB41}.Debug|x86.Build.0 = Debug|x86
		{675AADC6-EC8B-47F8-966E-882FACCCDB41}.Framework|Any CPU.ActiveCfg = Framework|x86
		{675AADC6-EC8B-47F8-966E-882FACCCDB41}.Framework|Mixed Platforms.ActiveCfg = Framework|x86
		{675AADC6-EC8B-47F8-966E-882FACCCDB41}.Framework|Mixed Platforms.Build.0 = Framework|x86
		{675AADC6-EC8B-47F8-966E-882FACCCDB41}.Framework|x86.ActiveCfg = Framework|x86
		{675AADC6-EC8B-47F8-966E-882FACCCDB41}.Framework|x86.Build.0 = Framework|x86
		{675AADC6-EC8B-47F8-966E-882FACCCDB41}.Release|Any CPU.ActiveCfg = Release|x86
		{675AADC6-EC8B-47F8-966E-882FACCCDB41}.Release|Mixed Platforms.ActiveCfg = Release|x86
		{675AADC6-EC8B-47F8-966E-882FACCCDB41}.Release|Mixed Platforms.Build.0 = Release|x86
		{675AADC6-EC8B-47F8-966E-882FACCCDB41}.Release|x86.ActiveCfg = Release|x86
		{675AADC6-EC8B-47F8-966E-882FACCCDB41}.Release|x86.Build.0 = Release|x86
		{F487D161-E29E-4039-89EB-07FC1DA15D39}.Debug|Any CPU.ActiveCfg = Debug|x86
		{F487D161-E29E-4039-89EB-07FC1DA15D39}.Debug|Mixed Platforms.ActiveCfg = Debug|x86
		{F487D161-E29E-4039-89EB-07FC1DA15D39}.Debug|Mixed Platforms.Build.0 = Debug|x86
		{F487D161-E29E-4039-89EB-07FC1DA15D39}.Debug|x86.ActiveCfg = Debug|x86
		{F487D161-E29E-4039-89EB-07FC1DA15D39}.Debug|x86.Build.0 = Debug|x86
		{F487D161-E29E-4039-89EB-07FC1DA15D39}.Framework|Any CPU.ActiveCfg = Release|x86
		{F487D161-E29E-4039-89EB-07FC1DA15D39}.Framework|Mixed Platforms.ActiveCfg = Release|x86
		{F487D161-E29E-4039-89EB-07FC1DA15D39}.Framework|Mixed Platforms.Build.0 = Release|x86
		{F487D161-E29E-4039-89EB-07FC1DA15D39}.Framework|x86.ActiveCfg = Release|x86
		{F487D161-E29E-4039-89EB-07FC1DA15D39}.Framework|x86.Build.0 = Release|x86
		{F487D161-E29E-4039-89EB-07FC1DA15D39}.Release|Any CPU.ActiveCfg = Release|x86
		{F487D161-E29E-4039-89EB-07FC1DA15D39}.Release|Mixed Platforms.ActiveCfg = Release|x86
		{F487D161-E29E-4039-89EB-07FC1DA15D39}.Release|Mixed Platforms.Build.0 = Release|x86
		{F487D161-E29E-4039-89EB-07FC1DA15D39}.Release|x86.ActiveCfg = Release|x86
		{F487D161-E29E-4039-89EB-07FC1DA15D39}.Release|x86.Build.0 = Release|x86
		{49355750-A881-4527-9844-E5EB04B0E2DC}.Debug|Any CPU.ActiveCfg = Debug|x86
		{49355750-A881-4527-9844-E5EB04B0E2DC}.Debug|Mixed Platforms.ActiveCfg = Debug|x86
		{49355750-A881-4527-9844-E5EB04B0E2DC}.Debug|Mixed Platforms.Build.0 = Debug|x86
		{49355750-A881-4527-9844-E5EB04B0E2DC}.Debug|x86.ActiveCfg = Debug|x86
		{49355750-A881-4527-9844-E5EB04B0E2DC}.Debug|x86.Build.0 = Debug|x86
		{49355750-A881-4527-9844-E5EB04B0E2DC}.Framework|Any CPU.ActiveCfg = Release|x86
		{49355750-A881-4527-9844-E5EB04B0E2DC}.Framework|Mixed Platforms.ActiveCfg = Release|x86
		{49355750-A881-4527-9844-E5EB04B0E2DC}.Framework|Mixed Platforms.Build.0 = Release|x86
		{49355750-A881-4527-9844-E5EB04B0E2DC}.Framework|x86.ActiveCfg = Release|x86
		{49355750-A881-4527-9844-E5EB04B0E2DC}.Framework|x86.Build.0 = Release|x86
		{49355750-A881-4527-9844-E5EB04B0E2DC}.Release|Any CPU.ActiveCfg = Release|x86
		{49355750-A881-4527-9844-E5EB04B0E2DC}.Release|Mixed Platforms.ActiveCfg = Release|x86
		{49355750-A881-4527-9844-E5EB04B0E2DC}.Release|Mixed Platforms.Build.0 = Release|x86
		{49355750-A881-4527-9844-E5EB04B0E2DC}.Release|x86.ActiveCfg = Release|x86
		{49355750-A881-4527-9844-E5EB04B0E2DC}.Release|x86.Build.0 = Release|x86
		{23F5ED03-3278-452F-949A-C1657C73A798}.Debug|Any CPU.ActiveCfg = Debug|x86
		{23F5ED03-3278-452F-949A-C1657C73A798}.Debug|Mixed Platforms.ActiveCfg = Debug|x86
		{23F5ED03-3278-452F-949A-C1657C73A798}.Debug|Mixed Platforms.Build.0 = Debug|x86
		{23F5ED03-3278-452F-949A-C1657C73A798}.Debug|x86.ActiveCfg = Debug|x86
		{23F5ED03-3278-452F-949A-C1657C73A798}.Debug|x86.Build.0 = Debug|x86
		{23F5ED03-3278-452F-949A-C1657C73A798}.Framework|Any CPU.ActiveCfg = Release|x86
		{23F5ED03-3278-452F-949A-C1657C73A798}.Framework|Mixed Platforms.ActiveCfg = Release|x86
		{23F5ED03-3278-452F-949A-C1657C73A798}.Framework|Mixed Platforms.Build.0 = Release|x86
		{23F5ED03-3278-452F-949A-C1657C73A798}.Framework|x86.ActiveCfg = Release|x86
		{23F5ED03-3278-452F-949A-C1657C73A798}.Framework|x86.Build.0 = Release|x86
		{23F5ED03-3278-452F-949A-C1657C73A798}.Release|Any CPU.ActiveCfg = Release|x86
		{23F5ED03-3278-452F-949A-C1657C73A798}.Release|Mixed Platforms.ActiveCfg = Release|x86
		{23F5ED03-3278-452F-949A-C1657C73A798}.Release|Mixed Platforms.Build.0 = Release|x86
		{23F5ED03-3278-452F-949A-C1657C73A798}.Release|x86.ActiveCfg = Release|x86
		{23F5ED03-3278-452F-949A-C1657C73A798}.Release|x86.Build.0 = Release|x86
		{298D55EA-3C54-4D2F-9CF9-DA76531931EC}.Debug|Any CPU.ActiveCfg = Debug|x86
		{298D55EA-3C54-4D2F-9CF9-DA76531931EC}.Debug|Mixed Platforms.ActiveCfg = Debug|x86
		{298D55EA-3C54-4D2F-9CF9-DA76531931EC}.Debug|Mixed Platforms.Build.0 = Debug|x86
		{298D55EA-3C54-4D2F-9CF9-DA76531931EC}.Debug|x86.ActiveCfg = Debug|x86
		{298D55EA-3C54-4D2F-9CF9-DA76531931EC}.Debug|x86.Build.0 = Debug|x86
		{298D55EA-3C54-4D2F-9CF9-DA76531931EC}.Framework|Any CPU.ActiveCfg = Framework|x86
		{298D55EA-3C54-4D2F-9CF9-DA76531931EC}.Framework|Mixed Platforms.ActiveCfg = Framework|x86
		{298D55EA-3C54-4D2F-9CF9-DA76531931EC}.Framework|Mixed Platforms.Build.0 = Framework|x86
		{298D55EA-3C54-4D2F-9CF9-DA76531931EC}.Framework|x86.ActiveCfg = Framework|x86
		{298D55EA-3C54-4D2F-9CF9-DA76531931EC}.Framework|x86.Build.0 = Framework|x86
		{298D55EA-3C54-4D2F-9CF9-DA76531931EC}.Release|Any CPU.ActiveCfg = Release|x86
		{298D55EA-3C54-4D2F-9CF9-DA76531931EC}.Release|Mixed Platforms.ActiveCfg = Release|x86
		{298D55EA-3C54-4D2F-9CF9-DA76531931EC}.Release|Mixed Platforms.Build.0 = Release|x86
		{298D55EA-3C54-4D2F-9CF9-DA76531931EC}.Release|x86.ActiveCfg = Release|x86
		{298D55EA-3C54-4D2F-9CF9-DA76531931EC}.Release|x86.Build.0 = Release|x86
	EndGlobalSection
	GlobalSection(SolutionProperties) = preSolution
		HideSolutionNode = FALSE
	EndGlobalSection
EndGlobal
