
Microsoft Visual Studio Solution File, Format Version 11.00
# Visual Studio 2010
Project("{FAE04EC0-301F-11D3-BF4B-00C04F79EFBC}") = "Orbita.Controles.Shared", "Orbita.Controles.Shared\Orbita.Controles.Shared.csproj", "{D104B7D1-93CB-46AE-8F84-AA68BB3B2C5E}"
EndProject
Project("{FAE04EC0-301F-11D3-BF4B-00C04F79EFBC}") = "Orbita.Controles.VA", "Orbita.Controles.VA\Orbita.Controles.VA.csproj", "{8E66FB77-D4ED-483B-8481-A9B2C7317192}"
EndProject
Project("{2150E333-8FDC-42A3-9474-1A3956D46DE8}") = "VA", "VA", "{C5DAF96C-9AE6-4F08-96EA-19B7F1AF0510}"
EndProject
Project("{2150E333-8FDC-42A3-9474-1A3956D46DE8}") = "Comunicaciones", "Comunicaciones", "{470A9CDC-1966-4A36-AB95-FD5291C8B5D5}"
EndProject
Project("{FAE04EC0-301F-11D3-BF4B-00C04F79EFBC}") = "Orbita.Controles.Comunicaciones", "Orbita.Controles.Comunicaciones\Orbita.Controles.Comunicaciones.csproj", "{7E7DAFD4-3823-46B8-917C-FCEA9431A1A9}"
EndProject
Project("{FAE04EC0-301F-11D3-BF4B-00C04F79EFBC}") = "Orbita.Controles.Comunes", "Orbita.Controles.Comunes\Orbita.Controles.Comunes.csproj", "{D66C367A-47B7-4464-93D6-92794E4A57C8}"
EndProject
Project("{FAE04EC0-301F-11D3-BF4B-00C04F79EFBC}") = "Orbita.Controles.Contenedores", "Orbita.Controles.Contenedores\Orbita.Controles.Contenedores.csproj", "{B953E685-3E2D-4F93-BB80-805427BBB8A2}"
EndProject
Project("{FAE04EC0-301F-11D3-BF4B-00C04F79EFBC}") = "Orbita.Controles.Editor", "Orbita.Controles.Editor\Orbita.Controles.Editor.csproj", "{AF6AFAC6-159A-4C37-8C74-4D8609088C05}"
EndProject
Project("{FAE04EC0-301F-11D3-BF4B-00C04F79EFBC}") = "Orbita.Controles.Gantt", "Orbita.Controles.Gantt\Orbita.Controles.Gantt.csproj", "{00357F2C-A6CB-4374-A3BD-BF2B52CB5D97}"
EndProject
Project("{FAE04EC0-301F-11D3-BF4B-00C04F79EFBC}") = "Orbita.Controles.Combo", "Orbita.Controles.Combo\Orbita.Controles.Combo.csproj", "{E7E12620-F3BB-4111-9F4E-7FEA758C6548}"
EndProject
Project("{FAE04EC0-301F-11D3-BF4B-00C04F79EFBC}") = "Orbita.Controles.Menu", "Orbita.Controles.Menu\Orbita.Controles.Menu.csproj", "{3FC7CCF4-13B4-4B2B-95A9-CC178C85C343}"
EndProject
Project("{FAE04EC0-301F-11D3-BF4B-00C04F79EFBC}") = "Orbita.Controles.Estilos", "Orbita.Controles.Estilos\Orbita.Controles.Estilos.csproj", "{69BCFE99-17D1-4F08-AD49-95C395D247A6}"
EndProject
Project("{2150E333-8FDC-42A3-9474-1A3956D46DE8}") = "Controles", "Controles", "{935C8C3E-1EA4-45A4-A89F-4A82DC18474C}"
EndProject
Global
	GlobalSection(TeamFoundationVersionControl) = preSolution
		SccNumberOfProjects = 7
		SccEnterpriseProvider = {4CA58AB2-18FA-4F8D-95D4-32DDF27D184C}
		SccTeamFoundationServer = http://01x0019:8080/tfs/orbitasoftware
		SccLocalPath0 = .
		SccProjectUniqueName1 = Orbita.Controles.VA\\Orbita.Controles.VA.csproj
		SccProjectTopLevelParentUniqueName1 = Orbita.Controles.sln
		SccProjectName1 = Orbita.Controles.VA
		SccLocalPath1 = Orbita.Controles.VA
		SccProjectUniqueName2 = Orbita.Controles.Comunicaciones\\Orbita.Controles.Comunicaciones.csproj
		SccProjectTopLevelParentUniqueName2 = Orbita.Controles.sln
		SccProjectName2 = Orbita.Controles.Comunicaciones
		SccLocalPath2 = Orbita.Controles.Comunicaciones
		SccProjectUniqueName3 = Orbita.Controles.Comunes\\Orbita.Controles.Comunes.csproj
		SccProjectTopLevelParentUniqueName3 = Orbita.Controles.sln
		SccProjectName3 = Orbita.Controles.Comunes
		SccLocalPath3 = Orbita.Controles.Comunes
		SccProjectUniqueName4 = Orbita.Controles.Contenedores\\Orbita.Controles.Contenedores.csproj
		SccProjectTopLevelParentUniqueName4 = Orbita.Controles.sln
		SccProjectName4 = Orbita.Controles.Contenedores
		SccLocalPath4 = Orbita.Controles.Contenedores
		SccProjectUniqueName5 = Orbita.Controles.Editor\\Orbita.Controles.Editor.csproj
		SccProjectTopLevelParentUniqueName5 = Orbita.Controles.sln
		SccProjectName5 = Orbita.Controles.Editor
		SccLocalPath5 = Orbita.Controles.Editor
		SccProjectUniqueName6 = Orbita.Controles.Gantt\\Orbita.Controles.Gantt.csproj
		SccProjectTopLevelParentUniqueName6 = Orbita.Controles.sln
		SccProjectName6 = Orbita.Controles.Gantt
		SccLocalPath6 = Orbita.Controles.Gantt
	EndGlobalSection
	GlobalSection(SolutionConfigurationPlatforms) = preSolution
		Debug|Any CPU = Debug|Any CPU
		Debug|Mixed Platforms = Debug|Mixed Platforms
		Debug|x86 = Debug|x86
		Release|Any CPU = Release|Any CPU
		Release|Mixed Platforms = Release|Mixed Platforms
		Release|x86 = Release|x86
	EndGlobalSection
	GlobalSection(ProjectConfigurationPlatforms) = postSolution
		{D104B7D1-93CB-46AE-8F84-AA68BB3B2C5E}.Debug|Any CPU.ActiveCfg = Debug|Any CPU
		{D104B7D1-93CB-46AE-8F84-AA68BB3B2C5E}.Debug|Any CPU.Build.0 = Debug|Any CPU
		{D104B7D1-93CB-46AE-8F84-AA68BB3B2C5E}.Debug|Mixed Platforms.ActiveCfg = Debug|Any CPU
		{D104B7D1-93CB-46AE-8F84-AA68BB3B2C5E}.Debug|Mixed Platforms.Build.0 = Debug|Any CPU
		{D104B7D1-93CB-46AE-8F84-AA68BB3B2C5E}.Debug|x86.ActiveCfg = Debug|Any CPU
		{D104B7D1-93CB-46AE-8F84-AA68BB3B2C5E}.Release|Any CPU.ActiveCfg = Release|Any CPU
		{D104B7D1-93CB-46AE-8F84-AA68BB3B2C5E}.Release|Any CPU.Build.0 = Release|Any CPU
		{D104B7D1-93CB-46AE-8F84-AA68BB3B2C5E}.Release|Mixed Platforms.ActiveCfg = Release|Any CPU
		{D104B7D1-93CB-46AE-8F84-AA68BB3B2C5E}.Release|Mixed Platforms.Build.0 = Release|Any CPU
		{D104B7D1-93CB-46AE-8F84-AA68BB3B2C5E}.Release|x86.ActiveCfg = Release|Any CPU
		{8E66FB77-D4ED-483B-8481-A9B2C7317192}.Debug|Any CPU.ActiveCfg = Debug|Any CPU
		{8E66FB77-D4ED-483B-8481-A9B2C7317192}.Debug|Any CPU.Build.0 = Debug|Any CPU
		{8E66FB77-D4ED-483B-8481-A9B2C7317192}.Debug|Mixed Platforms.ActiveCfg = Debug|Any CPU
		{8E66FB77-D4ED-483B-8481-A9B2C7317192}.Debug|Mixed Platforms.Build.0 = Debug|Any CPU
		{8E66FB77-D4ED-483B-8481-A9B2C7317192}.Debug|x86.ActiveCfg = Debug|Any CPU
		{8E66FB77-D4ED-483B-8481-A9B2C7317192}.Release|Any CPU.ActiveCfg = Release|Any CPU
		{8E66FB77-D4ED-483B-8481-A9B2C7317192}.Release|Any CPU.Build.0 = Release|Any CPU
		{8E66FB77-D4ED-483B-8481-A9B2C7317192}.Release|Mixed Platforms.ActiveCfg = Release|Any CPU
		{8E66FB77-D4ED-483B-8481-A9B2C7317192}.Release|Mixed Platforms.Build.0 = Release|Any CPU
		{8E66FB77-D4ED-483B-8481-A9B2C7317192}.Release|x86.ActiveCfg = Release|Any CPU
		{7E7DAFD4-3823-46B8-917C-FCEA9431A1A9}.Debug|Any CPU.ActiveCfg = Debug|Any CPU
		{7E7DAFD4-3823-46B8-917C-FCEA9431A1A9}.Debug|Any CPU.Build.0 = Debug|Any CPU
		{7E7DAFD4-3823-46B8-917C-FCEA9431A1A9}.Debug|Mixed Platforms.ActiveCfg = Debug|Any CPU
		{7E7DAFD4-3823-46B8-917C-FCEA9431A1A9}.Debug|Mixed Platforms.Build.0 = Debug|Any CPU
		{7E7DAFD4-3823-46B8-917C-FCEA9431A1A9}.Debug|x86.ActiveCfg = Debug|Any CPU
		{7E7DAFD4-3823-46B8-917C-FCEA9431A1A9}.Release|Any CPU.ActiveCfg = Release|Any CPU
		{7E7DAFD4-3823-46B8-917C-FCEA9431A1A9}.Release|Any CPU.Build.0 = Release|Any CPU
		{7E7DAFD4-3823-46B8-917C-FCEA9431A1A9}.Release|Mixed Platforms.ActiveCfg = Release|Any CPU
		{7E7DAFD4-3823-46B8-917C-FCEA9431A1A9}.Release|Mixed Platforms.Build.0 = Release|Any CPU
		{7E7DAFD4-3823-46B8-917C-FCEA9431A1A9}.Release|x86.ActiveCfg = Release|Any CPU
		{D66C367A-47B7-4464-93D6-92794E4A57C8}.Debug|Any CPU.ActiveCfg = Debug|Any CPU
		{D66C367A-47B7-4464-93D6-92794E4A57C8}.Debug|Any CPU.Build.0 = Debug|Any CPU
		{D66C367A-47B7-4464-93D6-92794E4A57C8}.Debug|Mixed Platforms.ActiveCfg = Debug|Any CPU
		{D66C367A-47B7-4464-93D6-92794E4A57C8}.Debug|Mixed Platforms.Build.0 = Debug|Any CPU
		{D66C367A-47B7-4464-93D6-92794E4A57C8}.Debug|x86.ActiveCfg = Debug|Any CPU
		{D66C367A-47B7-4464-93D6-92794E4A57C8}.Release|Any CPU.ActiveCfg = Release|Any CPU
		{D66C367A-47B7-4464-93D6-92794E4A57C8}.Release|Any CPU.Build.0 = Release|Any CPU
		{D66C367A-47B7-4464-93D6-92794E4A57C8}.Release|Mixed Platforms.ActiveCfg = Release|Any CPU
		{D66C367A-47B7-4464-93D6-92794E4A57C8}.Release|Mixed Platforms.Build.0 = Release|Any CPU
		{D66C367A-47B7-4464-93D6-92794E4A57C8}.Release|x86.ActiveCfg = Release|Any CPU
		{B953E685-3E2D-4F93-BB80-805427BBB8A2}.Debug|Any CPU.ActiveCfg = Debug|Any CPU
		{B953E685-3E2D-4F93-BB80-805427BBB8A2}.Debug|Any CPU.Build.0 = Debug|Any CPU
		{B953E685-3E2D-4F93-BB80-805427BBB8A2}.Debug|Mixed Platforms.ActiveCfg = Debug|Any CPU
		{B953E685-3E2D-4F93-BB80-805427BBB8A2}.Debug|Mixed Platforms.Build.0 = Debug|Any CPU
		{B953E685-3E2D-4F93-BB80-805427BBB8A2}.Debug|x86.ActiveCfg = Debug|Any CPU
		{B953E685-3E2D-4F93-BB80-805427BBB8A2}.Release|Any CPU.ActiveCfg = Release|Any CPU
		{B953E685-3E2D-4F93-BB80-805427BBB8A2}.Release|Any CPU.Build.0 = Release|Any CPU
		{B953E685-3E2D-4F93-BB80-805427BBB8A2}.Release|Mixed Platforms.ActiveCfg = Release|Any CPU
		{B953E685-3E2D-4F93-BB80-805427BBB8A2}.Release|Mixed Platforms.Build.0 = Release|Any CPU
		{B953E685-3E2D-4F93-BB80-805427BBB8A2}.Release|x86.ActiveCfg = Release|Any CPU
		{AF6AFAC6-159A-4C37-8C74-4D8609088C05}.Debug|Any CPU.ActiveCfg = Debug|Any CPU
		{AF6AFAC6-159A-4C37-8C74-4D8609088C05}.Debug|Any CPU.Build.0 = Debug|Any CPU
		{AF6AFAC6-159A-4C37-8C74-4D8609088C05}.Debug|Mixed Platforms.ActiveCfg = Debug|Any CPU
		{AF6AFAC6-159A-4C37-8C74-4D8609088C05}.Debug|Mixed Platforms.Build.0 = Debug|Any CPU
		{AF6AFAC6-159A-4C37-8C74-4D8609088C05}.Debug|x86.ActiveCfg = Debug|Any CPU
		{AF6AFAC6-159A-4C37-8C74-4D8609088C05}.Release|Any CPU.ActiveCfg = Release|Any CPU
		{AF6AFAC6-159A-4C37-8C74-4D8609088C05}.Release|Any CPU.Build.0 = Release|Any CPU
		{AF6AFAC6-159A-4C37-8C74-4D8609088C05}.Release|Mixed Platforms.ActiveCfg = Release|Any CPU
		{AF6AFAC6-159A-4C37-8C74-4D8609088C05}.Release|Mixed Platforms.Build.0 = Release|Any CPU
		{AF6AFAC6-159A-4C37-8C74-4D8609088C05}.Release|x86.ActiveCfg = Release|Any CPU
		{00357F2C-A6CB-4374-A3BD-BF2B52CB5D97}.Debug|Any CPU.ActiveCfg = Debug|Any CPU
		{00357F2C-A6CB-4374-A3BD-BF2B52CB5D97}.Debug|Any CPU.Build.0 = Debug|Any CPU
		{00357F2C-A6CB-4374-A3BD-BF2B52CB5D97}.Debug|Mixed Platforms.ActiveCfg = Debug|Any CPU
		{00357F2C-A6CB-4374-A3BD-BF2B52CB5D97}.Debug|Mixed Platforms.Build.0 = Debug|Any CPU
		{00357F2C-A6CB-4374-A3BD-BF2B52CB5D97}.Debug|x86.ActiveCfg = Debug|Any CPU
		{00357F2C-A6CB-4374-A3BD-BF2B52CB5D97}.Release|Any CPU.ActiveCfg = Release|Any CPU
		{00357F2C-A6CB-4374-A3BD-BF2B52CB5D97}.Release|Any CPU.Build.0 = Release|Any CPU
		{00357F2C-A6CB-4374-A3BD-BF2B52CB5D97}.Release|Mixed Platforms.ActiveCfg = Release|Any CPU
		{00357F2C-A6CB-4374-A3BD-BF2B52CB5D97}.Release|Mixed Platforms.Build.0 = Release|Any CPU
		{00357F2C-A6CB-4374-A3BD-BF2B52CB5D97}.Release|x86.ActiveCfg = Release|Any CPU
		{E7E12620-F3BB-4111-9F4E-7FEA758C6548}.Debug|Any CPU.ActiveCfg = Debug|Any CPU
		{E7E12620-F3BB-4111-9F4E-7FEA758C6548}.Debug|Any CPU.Build.0 = Debug|Any CPU
		{E7E12620-F3BB-4111-9F4E-7FEA758C6548}.Debug|Mixed Platforms.ActiveCfg = Debug|Any CPU
		{E7E12620-F3BB-4111-9F4E-7FEA758C6548}.Debug|Mixed Platforms.Build.0 = Debug|Any CPU
		{E7E12620-F3BB-4111-9F4E-7FEA758C6548}.Debug|x86.ActiveCfg = Debug|Any CPU
		{E7E12620-F3BB-4111-9F4E-7FEA758C6548}.Release|Any CPU.ActiveCfg = Release|Any CPU
		{E7E12620-F3BB-4111-9F4E-7FEA758C6548}.Release|Any CPU.Build.0 = Release|Any CPU
		{E7E12620-F3BB-4111-9F4E-7FEA758C6548}.Release|Mixed Platforms.ActiveCfg = Release|Any CPU
		{E7E12620-F3BB-4111-9F4E-7FEA758C6548}.Release|Mixed Platforms.Build.0 = Release|Any CPU
		{E7E12620-F3BB-4111-9F4E-7FEA758C6548}.Release|x86.ActiveCfg = Release|Any CPU
		{3FC7CCF4-13B4-4B2B-95A9-CC178C85C343}.Debug|Any CPU.ActiveCfg = Debug|Any CPU
		{3FC7CCF4-13B4-4B2B-95A9-CC178C85C343}.Debug|Any CPU.Build.0 = Debug|Any CPU
		{3FC7CCF4-13B4-4B2B-95A9-CC178C85C343}.Debug|Mixed Platforms.ActiveCfg = Debug|Any CPU
		{3FC7CCF4-13B4-4B2B-95A9-CC178C85C343}.Debug|Mixed Platforms.Build.0 = Debug|Any CPU
		{3FC7CCF4-13B4-4B2B-95A9-CC178C85C343}.Debug|x86.ActiveCfg = Debug|Any CPU
		{3FC7CCF4-13B4-4B2B-95A9-CC178C85C343}.Release|Any CPU.ActiveCfg = Release|Any CPU
		{3FC7CCF4-13B4-4B2B-95A9-CC178C85C343}.Release|Any CPU.Build.0 = Release|Any CPU
		{3FC7CCF4-13B4-4B2B-95A9-CC178C85C343}.Release|Mixed Platforms.ActiveCfg = Release|Any CPU
		{3FC7CCF4-13B4-4B2B-95A9-CC178C85C343}.Release|Mixed Platforms.Build.0 = Release|Any CPU
		{3FC7CCF4-13B4-4B2B-95A9-CC178C85C343}.Release|x86.ActiveCfg = Release|Any CPU
		{69BCFE99-17D1-4F08-AD49-95C395D247A6}.Debug|Any CPU.ActiveCfg = Debug|Any CPU
		{69BCFE99-17D1-4F08-AD49-95C395D247A6}.Debug|Any CPU.Build.0 = Debug|Any CPU
		{69BCFE99-17D1-4F08-AD49-95C395D247A6}.Debug|Mixed Platforms.ActiveCfg = Debug|Any CPU
		{69BCFE99-17D1-4F08-AD49-95C395D247A6}.Debug|Mixed Platforms.Build.0 = Debug|Any CPU
		{69BCFE99-17D1-4F08-AD49-95C395D247A6}.Debug|x86.ActiveCfg = Debug|Any CPU
		{69BCFE99-17D1-4F08-AD49-95C395D247A6}.Release|Any CPU.ActiveCfg = Release|Any CPU
		{69BCFE99-17D1-4F08-AD49-95C395D247A6}.Release|Any CPU.Build.0 = Release|Any CPU
		{69BCFE99-17D1-4F08-AD49-95C395D247A6}.Release|Mixed Platforms.ActiveCfg = Release|Any CPU
		{69BCFE99-17D1-4F08-AD49-95C395D247A6}.Release|Mixed Platforms.Build.0 = Release|Any CPU
		{69BCFE99-17D1-4F08-AD49-95C395D247A6}.Release|x86.ActiveCfg = Release|Any CPU
	EndGlobalSection
	GlobalSection(SolutionProperties) = preSolution
		HideSolutionNode = FALSE
	EndGlobalSection
	GlobalSection(NestedProjects) = preSolution
		{D66C367A-47B7-4464-93D6-92794E4A57C8} = {935C8C3E-1EA4-45A4-A89F-4A82DC18474C}
		{B953E685-3E2D-4F93-BB80-805427BBB8A2} = {935C8C3E-1EA4-45A4-A89F-4A82DC18474C}
		{AF6AFAC6-159A-4C37-8C74-4D8609088C05} = {935C8C3E-1EA4-45A4-A89F-4A82DC18474C}
		{00357F2C-A6CB-4374-A3BD-BF2B52CB5D97} = {935C8C3E-1EA4-45A4-A89F-4A82DC18474C}
		{E7E12620-F3BB-4111-9F4E-7FEA758C6548} = {935C8C3E-1EA4-45A4-A89F-4A82DC18474C}
		{3FC7CCF4-13B4-4B2B-95A9-CC178C85C343} = {935C8C3E-1EA4-45A4-A89F-4A82DC18474C}
		{69BCFE99-17D1-4F08-AD49-95C395D247A6} = {935C8C3E-1EA4-45A4-A89F-4A82DC18474C}
		{D104B7D1-93CB-46AE-8F84-AA68BB3B2C5E} = {935C8C3E-1EA4-45A4-A89F-4A82DC18474C}
		{8E66FB77-D4ED-483B-8481-A9B2C7317192} = {C5DAF96C-9AE6-4F08-96EA-19B7F1AF0510}
		{7E7DAFD4-3823-46B8-917C-FCEA9431A1A9} = {470A9CDC-1966-4A36-AB95-FD5291C8B5D5}
	EndGlobalSection
EndGlobal
