
Microsoft Visual Studio Solution File, Format Version 11.00
# Visual Studio 2010
Project("{FAE04EC0-301F-11D3-BF4B-00C04F79EFBC}") = "Orbita.Controles.Shared", "Orbita.Controles.Shared\Orbita.Controles.Shared.csproj", "{D104B7D1-93CB-46AE-8F84-AA68BB3B2C5E}"
EndProject
Project("{FAE04EC0-301F-11D3-BF4B-00C04F79EFBC}") = "Orbita.Controles.Comunes", "Orbita.Controles.Comunes\Orbita.Controles.Comunes.csproj", "{D66C367A-47B7-4464-93D6-92794E4A57C8}"
EndProject
Project("{FAE04EC0-301F-11D3-BF4B-00C04F79EFBC}") = "Orbita.Controles.Contenedores", "Orbita.Controles.Contenedores\Orbita.Controles.Contenedores.csproj", "{B953E685-3E2D-4F93-BB80-805427BBB8A2}"
EndProject
Project("{FAE04EC0-301F-11D3-BF4B-00C04F79EFBC}") = "Orbita.Controles.Editor", "Orbita.Controles.Editor\Orbita.Controles.Editor.csproj", "{AF6AFAC6-159A-4C37-8C74-4D8609088C05}"
EndProject
Project("{FAE04EC0-301F-11D3-BF4B-00C04F79EFBC}") = "Orbita.Controles.Gantt", "Orbita.Controles.Gantt\Orbita.Controles.Gantt.csproj", "{00357F2C-A6CB-4374-A3BD-BF2B52CB5D97}"
EndProject
Project("{FAE04EC0-301F-11D3-BF4B-00C04F79EFBC}") = "Orbita.Controles.Combo", "Orbita.Controles.Combo\Orbita.Controles.Combo.csproj", "{E7E12620-F3BB-4111-9F4E-7FEA758C6548}"
EndProject
Project("{FAE04EC0-301F-11D3-BF4B-00C04F79EFBC}") = "Orbita.Controles.Menu", "Orbita.Controles.Menu\Orbita.Controles.Menu.csproj", "{3FC7CCF4-13B4-4B2B-95A9-CC178C85C343}"
EndProject
Project("{FAE04EC0-301F-11D3-BF4B-00C04F79EFBC}") = "Orbita.Controles.Estilos", "Orbita.Controles.Estilos\Orbita.Controles.Estilos.csproj", "{69BCFE99-17D1-4F08-AD49-95C395D247A6}"
EndProject
Project("{2150E333-8FDC-42A3-9474-1A3956D46DE8}") = "Controles", "Controles", "{935C8C3E-1EA4-45A4-A89F-4A82DC18474C}"
EndProject
Project("{FAE04EC0-301F-11D3-BF4B-00C04F79EFBC}") = "Orbita.Controles.Grid", "Orbita.Controles.Grid\Orbita.Controles.Grid.csproj", "{34B632DA-E0C4-4F27-AAFD-AFAD64604BFA}"
EndProject
Project("{FAE04EC0-301F-11D3-BF4B-00C04F79EFBC}") = "Orbita.Controles.Comunicaciones", "Orbita.Controles.Comunicaciones\Orbita.Controles.Comunicaciones.csproj", "{7E7DAFD4-3823-46B8-917C-FCEA9431A1A9}"
EndProject
Project("{2150E333-8FDC-42A3-9474-1A3956D46DE8}") = "Comunicaciones", "Comunicaciones", "{16959230-EA71-4015-9EA7-67CAD76281F8}"
EndProject
Project("{2150E333-8FDC-42A3-9474-1A3956D46DE8}") = "VA", "VA", "{D6CF1657-4F30-4B8B-BE8F-AD2E9F94010D}"
EndProject
Project("{FAE04EC0-301F-11D3-BF4B-00C04F79EFBC}") = "Orbita.Controles.VA", "Orbita.Controles.VA\Orbita.Controles.VA.csproj", "{8E66FB77-D4ED-483B-8481-A9B2C7317192}"
	ProjectSection(ProjectDependencies) = postProject
		{E7E12620-F3BB-4111-9F4E-7FEA758C6548} = {E7E12620-F3BB-4111-9F4E-7FEA758C6548}
		{00357F2C-A6CB-4374-A3BD-BF2B52CB5D97} = {00357F2C-A6CB-4374-A3BD-BF2B52CB5D97}
		{B953E685-3E2D-4F93-BB80-805427BBB8A2} = {B953E685-3E2D-4F93-BB80-805427BBB8A2}
		{69BCFE99-17D1-4F08-AD49-95C395D247A6} = {69BCFE99-17D1-4F08-AD49-95C395D247A6}
		{AF6AFAC6-159A-4C37-8C74-4D8609088C05} = {AF6AFAC6-159A-4C37-8C74-4D8609088C05}
		{7E7DAFD4-3823-46B8-917C-FCEA9431A1A9} = {7E7DAFD4-3823-46B8-917C-FCEA9431A1A9}
		{34B632DA-E0C4-4F27-AAFD-AFAD64604BFA} = {34B632DA-E0C4-4F27-AAFD-AFAD64604BFA}
		{3FC7CCF4-13B4-4B2B-95A9-CC178C85C343} = {3FC7CCF4-13B4-4B2B-95A9-CC178C85C343}
	EndProjectSection
EndProject
Global
	GlobalSection(TeamFoundationVersionControl) = preSolution
		SccNumberOfProjects = 12
		SccEnterpriseProvider = {4CA58AB2-18FA-4F8D-95D4-32DDF27D184C}
		SccTeamFoundationServer = http://01x0019:8080/tfs/orbitasoftware
		SccLocalPath0 = .
		SccProjectUniqueName1 = Orbita.Controles.Comunicaciones\\Orbita.Controles.Comunicaciones.csproj
		SccProjectTopLevelParentUniqueName1 = Orbita.Controles.sln
		SccProjectName1 = Orbita.Controles.Comunicaciones
		SccLocalPath1 = Orbita.Controles.Comunicaciones
		SccProjectUniqueName2 = Orbita.Controles.Comunes\\Orbita.Controles.Comunes.csproj
		SccProjectTopLevelParentUniqueName2 = Orbita.Controles.sln
		SccProjectName2 = Orbita.Controles.Comunes
		SccLocalPath2 = Orbita.Controles.Comunes
		SccProjectUniqueName3 = Orbita.Controles.Contenedores\\Orbita.Controles.Contenedores.csproj
		SccProjectTopLevelParentUniqueName3 = Orbita.Controles.sln
		SccProjectName3 = Orbita.Controles.Contenedores
		SccLocalPath3 = Orbita.Controles.Contenedores
		SccProjectUniqueName4 = Orbita.Controles.Editor\\Orbita.Controles.Editor.csproj
		SccProjectTopLevelParentUniqueName4 = Orbita.Controles.sln
		SccProjectName4 = Orbita.Controles.Editor
		SccLocalPath4 = Orbita.Controles.Editor
		SccProjectUniqueName5 = Orbita.Controles.Gantt\\Orbita.Controles.Gantt.csproj
		SccProjectTopLevelParentUniqueName5 = Orbita.Controles.sln
		SccProjectName5 = Orbita.Controles.Gantt
		SccLocalPath5 = Orbita.Controles.Gantt
		SccProjectUniqueName6 = Orbita.Controles.Combo\\Orbita.Controles.Combo.csproj
		SccProjectTopLevelParentUniqueName6 = Orbita.Controles.sln
		SccProjectName6 = Orbita.Controles.Combo
		SccLocalPath6 = Orbita.Controles.Combo
		SccProjectUniqueName7 = Orbita.Controles.Estilos\\Orbita.Controles.Estilos.csproj
		SccProjectTopLevelParentUniqueName7 = Orbita.Controles.sln
		SccProjectName7 = Orbita.Controles.Estilos
		SccLocalPath7 = Orbita.Controles.Estilos
		SccProjectUniqueName8 = Orbita.Controles.Menu\\Orbita.Controles.Menu.csproj
		SccProjectTopLevelParentUniqueName8 = Orbita.Controles.sln
		SccProjectName8 = Orbita.Controles.Menu
		SccLocalPath8 = Orbita.Controles.Menu
		SccProjectUniqueName9 = Orbita.Controles.Shared\\Orbita.Controles.Shared.csproj
		SccProjectTopLevelParentUniqueName9 = Orbita.Controles.sln
		SccProjectName9 = Orbita.Controles.Shared
		SccLocalPath9 = Orbita.Controles.Shared
		SccProjectUniqueName10 = Orbita.Controles.Grid\\Orbita.Controles.Grid.csproj
		SccProjectTopLevelParentUniqueName10 = Orbita.Controles.sln
		SccProjectName10 = Orbita.Controles.Grid
		SccLocalPath10 = Orbita.Controles.Grid
		SccProjectUniqueName11 = Orbita.Controles.VA\\Orbita.Controles.VA.csproj
		SccProjectTopLevelParentUniqueName11 = Orbita.Controles.sln
		SccProjectName11 = Orbita.Controles.VA
		SccLocalPath11 = Orbita.Controles.VA
	EndGlobalSection
	GlobalSection(SolutionConfigurationPlatforms) = preSolution
		Debug|Any CPU = Debug|Any CPU
		Debug|Mixed Platforms = Debug|Mixed Platforms
		Debug|x64 = Debug|x64
		Debug|x86 = Debug|x86
		Release|Any CPU = Release|Any CPU
		Release|Mixed Platforms = Release|Mixed Platforms
		Release|x64 = Release|x64
		Release|x86 = Release|x86
	EndGlobalSection
	GlobalSection(ProjectConfigurationPlatforms) = postSolution
		{D104B7D1-93CB-46AE-8F84-AA68BB3B2C5E}.Debug|Any CPU.ActiveCfg = Release|x86
		{D104B7D1-93CB-46AE-8F84-AA68BB3B2C5E}.Debug|Any CPU.Build.0 = Release|x86
		{D104B7D1-93CB-46AE-8F84-AA68BB3B2C5E}.Debug|Mixed Platforms.ActiveCfg = Debug|x86
		{D104B7D1-93CB-46AE-8F84-AA68BB3B2C5E}.Debug|Mixed Platforms.Build.0 = Debug|x86
		{D104B7D1-93CB-46AE-8F84-AA68BB3B2C5E}.Debug|x64.ActiveCfg = Debug|x86
		{D104B7D1-93CB-46AE-8F84-AA68BB3B2C5E}.Debug|x64.Build.0 = Debug|x86
		{D104B7D1-93CB-46AE-8F84-AA68BB3B2C5E}.Debug|x86.ActiveCfg = Debug|x86
		{D104B7D1-93CB-46AE-8F84-AA68BB3B2C5E}.Debug|x86.Build.0 = Debug|x86
		{D104B7D1-93CB-46AE-8F84-AA68BB3B2C5E}.Release|Any CPU.ActiveCfg = Release|x86
		{D104B7D1-93CB-46AE-8F84-AA68BB3B2C5E}.Release|Mixed Platforms.ActiveCfg = Release|x86
		{D104B7D1-93CB-46AE-8F84-AA68BB3B2C5E}.Release|Mixed Platforms.Build.0 = Release|x86
		{D104B7D1-93CB-46AE-8F84-AA68BB3B2C5E}.Release|x64.ActiveCfg = Release|x86
		{D104B7D1-93CB-46AE-8F84-AA68BB3B2C5E}.Release|x86.ActiveCfg = Release|x86
		{D104B7D1-93CB-46AE-8F84-AA68BB3B2C5E}.Release|x86.Build.0 = Release|x86
		{D66C367A-47B7-4464-93D6-92794E4A57C8}.Debug|Any CPU.ActiveCfg = Release|x86
		{D66C367A-47B7-4464-93D6-92794E4A57C8}.Debug|Any CPU.Build.0 = Release|x86
		{D66C367A-47B7-4464-93D6-92794E4A57C8}.Debug|Mixed Platforms.ActiveCfg = Debug|x86
		{D66C367A-47B7-4464-93D6-92794E4A57C8}.Debug|Mixed Platforms.Build.0 = Debug|x86
		{D66C367A-47B7-4464-93D6-92794E4A57C8}.Debug|x64.ActiveCfg = Debug|x86
		{D66C367A-47B7-4464-93D6-92794E4A57C8}.Debug|x64.Build.0 = Debug|x86
		{D66C367A-47B7-4464-93D6-92794E4A57C8}.Debug|x86.ActiveCfg = Debug|x86
		{D66C367A-47B7-4464-93D6-92794E4A57C8}.Debug|x86.Build.0 = Debug|x86
		{D66C367A-47B7-4464-93D6-92794E4A57C8}.Release|Any CPU.ActiveCfg = Release|x86
		{D66C367A-47B7-4464-93D6-92794E4A57C8}.Release|Mixed Platforms.ActiveCfg = Release|x86
		{D66C367A-47B7-4464-93D6-92794E4A57C8}.Release|Mixed Platforms.Build.0 = Release|x86
		{D66C367A-47B7-4464-93D6-92794E4A57C8}.Release|x64.ActiveCfg = Release|x86
		{D66C367A-47B7-4464-93D6-92794E4A57C8}.Release|x86.ActiveCfg = Release|x86
		{D66C367A-47B7-4464-93D6-92794E4A57C8}.Release|x86.Build.0 = Release|x86
		{B953E685-3E2D-4F93-BB80-805427BBB8A2}.Debug|Any CPU.ActiveCfg = Release|x86
		{B953E685-3E2D-4F93-BB80-805427BBB8A2}.Debug|Any CPU.Build.0 = Release|x86
		{B953E685-3E2D-4F93-BB80-805427BBB8A2}.Debug|Mixed Platforms.ActiveCfg = Debug|x86
		{B953E685-3E2D-4F93-BB80-805427BBB8A2}.Debug|Mixed Platforms.Build.0 = Debug|x86
		{B953E685-3E2D-4F93-BB80-805427BBB8A2}.Debug|x64.ActiveCfg = Debug|x86
		{B953E685-3E2D-4F93-BB80-805427BBB8A2}.Debug|x64.Build.0 = Debug|x86
		{B953E685-3E2D-4F93-BB80-805427BBB8A2}.Debug|x86.ActiveCfg = Debug|x86
		{B953E685-3E2D-4F93-BB80-805427BBB8A2}.Debug|x86.Build.0 = Debug|x86
		{B953E685-3E2D-4F93-BB80-805427BBB8A2}.Release|Any CPU.ActiveCfg = Release|x86
		{B953E685-3E2D-4F93-BB80-805427BBB8A2}.Release|Mixed Platforms.ActiveCfg = Release|x86
		{B953E685-3E2D-4F93-BB80-805427BBB8A2}.Release|Mixed Platforms.Build.0 = Release|x86
		{B953E685-3E2D-4F93-BB80-805427BBB8A2}.Release|x64.ActiveCfg = Release|x86
		{B953E685-3E2D-4F93-BB80-805427BBB8A2}.Release|x86.ActiveCfg = Release|x86
		{B953E685-3E2D-4F93-BB80-805427BBB8A2}.Release|x86.Build.0 = Release|x86
		{AF6AFAC6-159A-4C37-8C74-4D8609088C05}.Debug|Any CPU.ActiveCfg = Release|x86
		{AF6AFAC6-159A-4C37-8C74-4D8609088C05}.Debug|Any CPU.Build.0 = Release|x86
		{AF6AFAC6-159A-4C37-8C74-4D8609088C05}.Debug|Mixed Platforms.ActiveCfg = Debug|x86
		{AF6AFAC6-159A-4C37-8C74-4D8609088C05}.Debug|Mixed Platforms.Build.0 = Debug|x86
		{AF6AFAC6-159A-4C37-8C74-4D8609088C05}.Debug|x64.ActiveCfg = Debug|x86
		{AF6AFAC6-159A-4C37-8C74-4D8609088C05}.Debug|x64.Build.0 = Debug|x86
		{AF6AFAC6-159A-4C37-8C74-4D8609088C05}.Debug|x86.ActiveCfg = Debug|x86
		{AF6AFAC6-159A-4C37-8C74-4D8609088C05}.Debug|x86.Build.0 = Debug|x86
		{AF6AFAC6-159A-4C37-8C74-4D8609088C05}.Release|Any CPU.ActiveCfg = Release|x86
		{AF6AFAC6-159A-4C37-8C74-4D8609088C05}.Release|Mixed Platforms.ActiveCfg = Release|x86
		{AF6AFAC6-159A-4C37-8C74-4D8609088C05}.Release|Mixed Platforms.Build.0 = Release|x86
		{AF6AFAC6-159A-4C37-8C74-4D8609088C05}.Release|x64.ActiveCfg = Release|x86
		{AF6AFAC6-159A-4C37-8C74-4D8609088C05}.Release|x86.ActiveCfg = Release|x86
		{AF6AFAC6-159A-4C37-8C74-4D8609088C05}.Release|x86.Build.0 = Release|x86
		{00357F2C-A6CB-4374-A3BD-BF2B52CB5D97}.Debug|Any CPU.ActiveCfg = Release|x86
		{00357F2C-A6CB-4374-A3BD-BF2B52CB5D97}.Debug|Any CPU.Build.0 = Release|x86
		{00357F2C-A6CB-4374-A3BD-BF2B52CB5D97}.Debug|Mixed Platforms.ActiveCfg = Debug|x86
		{00357F2C-A6CB-4374-A3BD-BF2B52CB5D97}.Debug|Mixed Platforms.Build.0 = Debug|x86
		{00357F2C-A6CB-4374-A3BD-BF2B52CB5D97}.Debug|x64.ActiveCfg = Debug|x86
		{00357F2C-A6CB-4374-A3BD-BF2B52CB5D97}.Debug|x64.Build.0 = Debug|x86
		{00357F2C-A6CB-4374-A3BD-BF2B52CB5D97}.Debug|x86.ActiveCfg = Debug|x86
		{00357F2C-A6CB-4374-A3BD-BF2B52CB5D97}.Debug|x86.Build.0 = Debug|x86
		{00357F2C-A6CB-4374-A3BD-BF2B52CB5D97}.Release|Any CPU.ActiveCfg = Release|x86
		{00357F2C-A6CB-4374-A3BD-BF2B52CB5D97}.Release|Mixed Platforms.ActiveCfg = Release|x86
		{00357F2C-A6CB-4374-A3BD-BF2B52CB5D97}.Release|Mixed Platforms.Build.0 = Release|x86
		{00357F2C-A6CB-4374-A3BD-BF2B52CB5D97}.Release|x64.ActiveCfg = Release|x86
		{00357F2C-A6CB-4374-A3BD-BF2B52CB5D97}.Release|x86.ActiveCfg = Release|x86
		{00357F2C-A6CB-4374-A3BD-BF2B52CB5D97}.Release|x86.Build.0 = Release|x86
		{E7E12620-F3BB-4111-9F4E-7FEA758C6548}.Debug|Any CPU.ActiveCfg = Release|x86
		{E7E12620-F3BB-4111-9F4E-7FEA758C6548}.Debug|Any CPU.Build.0 = Release|x86
		{E7E12620-F3BB-4111-9F4E-7FEA758C6548}.Debug|Mixed Platforms.ActiveCfg = Debug|x86
		{E7E12620-F3BB-4111-9F4E-7FEA758C6548}.Debug|Mixed Platforms.Build.0 = Debug|x86
		{E7E12620-F3BB-4111-9F4E-7FEA758C6548}.Debug|x64.ActiveCfg = Debug|x86
		{E7E12620-F3BB-4111-9F4E-7FEA758C6548}.Debug|x64.Build.0 = Debug|x86
		{E7E12620-F3BB-4111-9F4E-7FEA758C6548}.Debug|x86.ActiveCfg = Debug|x86
		{E7E12620-F3BB-4111-9F4E-7FEA758C6548}.Debug|x86.Build.0 = Debug|x86
		{E7E12620-F3BB-4111-9F4E-7FEA758C6548}.Release|Any CPU.ActiveCfg = Release|x86
		{E7E12620-F3BB-4111-9F4E-7FEA758C6548}.Release|Mixed Platforms.ActiveCfg = Release|x86
		{E7E12620-F3BB-4111-9F4E-7FEA758C6548}.Release|Mixed Platforms.Build.0 = Release|x86
		{E7E12620-F3BB-4111-9F4E-7FEA758C6548}.Release|x64.ActiveCfg = Release|x86
		{E7E12620-F3BB-4111-9F4E-7FEA758C6548}.Release|x86.ActiveCfg = Release|x86
		{E7E12620-F3BB-4111-9F4E-7FEA758C6548}.Release|x86.Build.0 = Release|x86
		{3FC7CCF4-13B4-4B2B-95A9-CC178C85C343}.Debug|Any CPU.ActiveCfg = Release|x86
		{3FC7CCF4-13B4-4B2B-95A9-CC178C85C343}.Debug|Any CPU.Build.0 = Release|x86
		{3FC7CCF4-13B4-4B2B-95A9-CC178C85C343}.Debug|Mixed Platforms.ActiveCfg = Debug|x86
		{3FC7CCF4-13B4-4B2B-95A9-CC178C85C343}.Debug|Mixed Platforms.Build.0 = Debug|x86
		{3FC7CCF4-13B4-4B2B-95A9-CC178C85C343}.Debug|x64.ActiveCfg = Debug|x86
		{3FC7CCF4-13B4-4B2B-95A9-CC178C85C343}.Debug|x64.Build.0 = Debug|x86
		{3FC7CCF4-13B4-4B2B-95A9-CC178C85C343}.Debug|x86.ActiveCfg = Debug|x86
		{3FC7CCF4-13B4-4B2B-95A9-CC178C85C343}.Debug|x86.Build.0 = Debug|x86
		{3FC7CCF4-13B4-4B2B-95A9-CC178C85C343}.Release|Any CPU.ActiveCfg = Release|x86
		{3FC7CCF4-13B4-4B2B-95A9-CC178C85C343}.Release|Mixed Platforms.ActiveCfg = Release|x86
		{3FC7CCF4-13B4-4B2B-95A9-CC178C85C343}.Release|Mixed Platforms.Build.0 = Release|x86
		{3FC7CCF4-13B4-4B2B-95A9-CC178C85C343}.Release|x64.ActiveCfg = Release|x86
		{3FC7CCF4-13B4-4B2B-95A9-CC178C85C343}.Release|x86.ActiveCfg = Release|x86
		{3FC7CCF4-13B4-4B2B-95A9-CC178C85C343}.Release|x86.Build.0 = Release|x86
		{69BCFE99-17D1-4F08-AD49-95C395D247A6}.Debug|Any CPU.ActiveCfg = Release|x86
		{69BCFE99-17D1-4F08-AD49-95C395D247A6}.Debug|Any CPU.Build.0 = Release|x86
		{69BCFE99-17D1-4F08-AD49-95C395D247A6}.Debug|Mixed Platforms.ActiveCfg = Debug|x86
		{69BCFE99-17D1-4F08-AD49-95C395D247A6}.Debug|Mixed Platforms.Build.0 = Debug|x86
		{69BCFE99-17D1-4F08-AD49-95C395D247A6}.Debug|x64.ActiveCfg = Debug|x86
		{69BCFE99-17D1-4F08-AD49-95C395D247A6}.Debug|x64.Build.0 = Debug|x86
		{69BCFE99-17D1-4F08-AD49-95C395D247A6}.Debug|x86.ActiveCfg = Debug|x86
		{69BCFE99-17D1-4F08-AD49-95C395D247A6}.Debug|x86.Build.0 = Debug|x86
		{69BCFE99-17D1-4F08-AD49-95C395D247A6}.Release|Any CPU.ActiveCfg = Release|x86
		{69BCFE99-17D1-4F08-AD49-95C395D247A6}.Release|Mixed Platforms.ActiveCfg = Release|x86
		{69BCFE99-17D1-4F08-AD49-95C395D247A6}.Release|Mixed Platforms.Build.0 = Release|x86
		{69BCFE99-17D1-4F08-AD49-95C395D247A6}.Release|x64.ActiveCfg = Release|x86
		{69BCFE99-17D1-4F08-AD49-95C395D247A6}.Release|x86.ActiveCfg = Release|x86
		{69BCFE99-17D1-4F08-AD49-95C395D247A6}.Release|x86.Build.0 = Release|x86
		{34B632DA-E0C4-4F27-AAFD-AFAD64604BFA}.Debug|Any CPU.ActiveCfg = Release|x86
		{34B632DA-E0C4-4F27-AAFD-AFAD64604BFA}.Debug|Any CPU.Build.0 = Release|x86
		{34B632DA-E0C4-4F27-AAFD-AFAD64604BFA}.Debug|Mixed Platforms.ActiveCfg = Debug|x86
		{34B632DA-E0C4-4F27-AAFD-AFAD64604BFA}.Debug|Mixed Platforms.Build.0 = Debug|x86
		{34B632DA-E0C4-4F27-AAFD-AFAD64604BFA}.Debug|x64.ActiveCfg = Debug|x86
		{34B632DA-E0C4-4F27-AAFD-AFAD64604BFA}.Debug|x64.Build.0 = Debug|x86
		{34B632DA-E0C4-4F27-AAFD-AFAD64604BFA}.Debug|x86.ActiveCfg = Debug|x86
		{34B632DA-E0C4-4F27-AAFD-AFAD64604BFA}.Debug|x86.Build.0 = Debug|x86
		{34B632DA-E0C4-4F27-AAFD-AFAD64604BFA}.Release|Any CPU.ActiveCfg = Release|x86
		{34B632DA-E0C4-4F27-AAFD-AFAD64604BFA}.Release|Mixed Platforms.ActiveCfg = Release|x86
		{34B632DA-E0C4-4F27-AAFD-AFAD64604BFA}.Release|Mixed Platforms.Build.0 = Release|x86
		{34B632DA-E0C4-4F27-AAFD-AFAD64604BFA}.Release|x64.ActiveCfg = Release|x86
		{34B632DA-E0C4-4F27-AAFD-AFAD64604BFA}.Release|x86.ActiveCfg = Release|x86
		{34B632DA-E0C4-4F27-AAFD-AFAD64604BFA}.Release|x86.Build.0 = Release|x86
		{7E7DAFD4-3823-46B8-917C-FCEA9431A1A9}.Debug|Any CPU.ActiveCfg = Release|x86
		{7E7DAFD4-3823-46B8-917C-FCEA9431A1A9}.Debug|Any CPU.Build.0 = Release|x86
		{7E7DAFD4-3823-46B8-917C-FCEA9431A1A9}.Debug|Mixed Platforms.ActiveCfg = Debug|x86
		{7E7DAFD4-3823-46B8-917C-FCEA9431A1A9}.Debug|Mixed Platforms.Build.0 = Debug|x86
		{7E7DAFD4-3823-46B8-917C-FCEA9431A1A9}.Debug|x64.ActiveCfg = Debug|x86
		{7E7DAFD4-3823-46B8-917C-FCEA9431A1A9}.Debug|x64.Build.0 = Debug|x86
		{7E7DAFD4-3823-46B8-917C-FCEA9431A1A9}.Debug|x86.ActiveCfg = Debug|x86
		{7E7DAFD4-3823-46B8-917C-FCEA9431A1A9}.Debug|x86.Build.0 = Debug|x86
		{7E7DAFD4-3823-46B8-917C-FCEA9431A1A9}.Release|Any CPU.ActiveCfg = Release|x86
		{7E7DAFD4-3823-46B8-917C-FCEA9431A1A9}.Release|Mixed Platforms.ActiveCfg = Release|x86
		{7E7DAFD4-3823-46B8-917C-FCEA9431A1A9}.Release|Mixed Platforms.Build.0 = Release|x86
		{7E7DAFD4-3823-46B8-917C-FCEA9431A1A9}.Release|x64.ActiveCfg = Release|x86
		{7E7DAFD4-3823-46B8-917C-FCEA9431A1A9}.Release|x86.ActiveCfg = Release|x86
		{7E7DAFD4-3823-46B8-917C-FCEA9431A1A9}.Release|x86.Build.0 = Release|x86
		{8E66FB77-D4ED-483B-8481-A9B2C7317192}.Debug|Any CPU.ActiveCfg = Release|x86
		{8E66FB77-D4ED-483B-8481-A9B2C7317192}.Debug|Mixed Platforms.ActiveCfg = Debug|x86
		{8E66FB77-D4ED-483B-8481-A9B2C7317192}.Debug|Mixed Platforms.Build.0 = Debug|x86
		{8E66FB77-D4ED-483B-8481-A9B2C7317192}.Debug|x64.ActiveCfg = Debug|x86
		{8E66FB77-D4ED-483B-8481-A9B2C7317192}.Debug|x86.ActiveCfg = Debug|x86
		{8E66FB77-D4ED-483B-8481-A9B2C7317192}.Debug|x86.Build.0 = Debug|x86
		{8E66FB77-D4ED-483B-8481-A9B2C7317192}.Release|Any CPU.ActiveCfg = Release|x86
		{8E66FB77-D4ED-483B-8481-A9B2C7317192}.Release|Mixed Platforms.ActiveCfg = Release|x86
		{8E66FB77-D4ED-483B-8481-A9B2C7317192}.Release|Mixed Platforms.Build.0 = Release|x86
		{8E66FB77-D4ED-483B-8481-A9B2C7317192}.Release|x64.ActiveCfg = Release|x86
		{8E66FB77-D4ED-483B-8481-A9B2C7317192}.Release|x86.ActiveCfg = Release|x86
		{8E66FB77-D4ED-483B-8481-A9B2C7317192}.Release|x86.Build.0 = Release|x86
	EndGlobalSection
	GlobalSection(SolutionProperties) = preSolution
		HideSolutionNode = FALSE
	EndGlobalSection
	GlobalSection(NestedProjects) = preSolution
		{D66C367A-47B7-4464-93D6-92794E4A57C8} = {935C8C3E-1EA4-45A4-A89F-4A82DC18474C}
		{B953E685-3E2D-4F93-BB80-805427BBB8A2} = {935C8C3E-1EA4-45A4-A89F-4A82DC18474C}
		{AF6AFAC6-159A-4C37-8C74-4D8609088C05} = {935C8C3E-1EA4-45A4-A89F-4A82DC18474C}
		{00357F2C-A6CB-4374-A3BD-BF2B52CB5D97} = {935C8C3E-1EA4-45A4-A89F-4A82DC18474C}
		{E7E12620-F3BB-4111-9F4E-7FEA758C6548} = {935C8C3E-1EA4-45A4-A89F-4A82DC18474C}
		{3FC7CCF4-13B4-4B2B-95A9-CC178C85C343} = {935C8C3E-1EA4-45A4-A89F-4A82DC18474C}
		{69BCFE99-17D1-4F08-AD49-95C395D247A6} = {935C8C3E-1EA4-45A4-A89F-4A82DC18474C}
		{D104B7D1-93CB-46AE-8F84-AA68BB3B2C5E} = {935C8C3E-1EA4-45A4-A89F-4A82DC18474C}
		{34B632DA-E0C4-4F27-AAFD-AFAD64604BFA} = {935C8C3E-1EA4-45A4-A89F-4A82DC18474C}
		{7E7DAFD4-3823-46B8-917C-FCEA9431A1A9} = {16959230-EA71-4015-9EA7-67CAD76281F8}
		{8E66FB77-D4ED-483B-8481-A9B2C7317192} = {D6CF1657-4F30-4B8B-BE8F-AD2E9F94010D}
	EndGlobalSection
EndGlobal
