
Microsoft Visual Studio Solution File, Format Version 11.00
# Visual Studio 2010
Project("{FAE04EC0-301F-11D3-BF4B-00C04F79EFBC}") = "Orbita.MS.Licenciamiento.Cliente", "Orbita.MS.Licenciamiento.Cliente\Orbita.MS.Licenciamiento.Cliente.csproj", "{B5282CDB-3B38-4CF0-B475-D06153CDE439}"
EndProject
Project("{FAE04EC0-301F-11D3-BF4B-00C04F79EFBC}") = "Orbita.MS.Licenciamiento.Servidor", "Orbita.MS.Licenciamiento.Servidor\Orbita.MS.Licenciamiento.Servidor.csproj", "{F3715FDE-723A-4F7B-A965-36BAA751D442}"
EndProject
Project("{FAE04EC0-301F-11D3-BF4B-00C04F79EFBC}") = "Orbita.MS.Licenciamiento.Base", "Orbita.MS.Licenciamiento.Base\Orbita.MS.Licenciamiento.Base.csproj", "{912E9F06-D32C-4D52-BBE3-3E6F2BFFE3AE}"
EndProject
Project("{FAE04EC0-301F-11D3-BF4B-00C04F79EFBC}") = "Orbita.MS.Licenciamiento.Consulta", "Orbita.MS.Licenciamiento.Consulta\Orbita.MS.Licenciamiento.Consulta.csproj", "{8B3FA673-72BE-4817-8D8B-1B5405F31F0B}"
EndProject
Project("{FAE04EC0-301F-11D3-BF4B-00C04F79EFBC}") = "Orbita.MS.Licenciamiento.HASPUtiles", "Orbita.MS.Licenciamiento.HASPUtiles\Orbita.MS.Licenciamiento.HASPUtiles.csproj", "{EF08E7CF-AF8A-4FA5-BDB7-FB030F0FD704}"
EndProject
Project("{FAE04EC0-301F-11D3-BF4B-00C04F79EFBC}") = "Orbita.MS.Licenciamiento.Bloqueos", "Orbita.MS.Licenciamiento.Bloqueos\Orbita.MS.Licenciamiento.Bloqueos.csproj", "{75A92CB9-9DD3-4F52-BA94-05BCDCCD239B}"
EndProject
Project("{FAE04EC0-301F-11D3-BF4B-00C04F79EFBC}") = "Orbita.BBDD", "..\..\..\..\..\..\TFS\OrbitaSoftware\Librerias\CodigoFuente\x32\Orbita\Orbita.BBDD\Orbita.BBDD.csproj", "{CF7F04AE-7DA5-48C5-BB08-DC57D3192A2D}"
EndProject
Project("{FAE04EC0-301F-11D3-BF4B-00C04F79EFBC}") = "Orbita.BBDD.Sqlite", "Orbita.BBDD.Sqlite\Orbita.BBDD.Sqlite.csproj", "{80B76C06-7A17-4CBC-A4BC-CADBFA8A3025}"
EndProject
Project("{FAE04EC0-301F-11D3-BF4B-00C04F79EFBC}") = "Orbita.Trazabilidad", "..\..\..\..\..\..\TFS\OrbitaSoftware\Librerias\CodigoFuente\x32\Orbita\Orbita.Trazabilidad\Orbita.Trazabilidad.csproj", "{1A2EEC44-A494-4BA6-A591-267B73A55CD1}"
EndProject
Global
	GlobalSection(TeamFoundationVersionControl) = preSolution
		SccNumberOfProjects = 2
		SccEnterpriseProvider = {4CA58AB2-18FA-4F8D-95D4-32DDF27D184C}
		SccTeamFoundationServer = http://01x0019:8080/tfs/orbitasoftware
		SccProjectUniqueName0 = ..\\..\\..\\..\\..\\..\\TFS\\OrbitaSoftware\\Librerias\\CodigoFuente\\x32\\Orbita\\Orbita.BBDD\\Orbita.BBDD.csproj
		SccProjectName0 = $/Librerias/CodigoFuente/x32/Orbita/Orbita.BBDD
		SccAuxPath0 = http://01x0019:8080/tfs/orbitasoftware
		SccLocalPath0 = ..\\..\\..\\..\\..\\..\\TFS\\OrbitaSoftware\\Librerias\\CodigoFuente\\x32\\Orbita\\Orbita.BBDD
		SccProvider0 = {4CA58AB2-18FA-4F8D-95D4-32DDF27D184C}
		SccProjectUniqueName1 = ..\\..\\..\\..\\..\\..\\TFS\\OrbitaSoftware\\Librerias\\CodigoFuente\\x32\\Orbita\\Orbita.Trazabilidad\\Orbita.Trazabilidad.csproj
		SccProjectName1 = $/Librerias/CodigoFuente/x32/Orbita/Orbita.Trazabilidad
		SccAuxPath1 = http://01x0019:8080/tfs/orbitasoftware
		SccLocalPath1 = ..\\..\\..\\..\\..\\..\\TFS\\OrbitaSoftware\\Librerias\\CodigoFuente\\x32\\Orbita\\Orbita.Trazabilidad
		SccProvider1 = {4CA58AB2-18FA-4F8D-95D4-32DDF27D184C}
	EndGlobalSection
	GlobalSection(SolutionConfigurationPlatforms) = preSolution
		Debug|Any CPU = Debug|Any CPU
		Debug|Mixed Platforms = Debug|Mixed Platforms
		Debug|x86 = Debug|x86
		Release|Any CPU = Release|Any CPU
		Release|Mixed Platforms = Release|Mixed Platforms
		Release|x86 = Release|x86
	EndGlobalSection
	GlobalSection(ProjectConfigurationPlatforms) = postSolution
		{B5282CDB-3B38-4CF0-B475-D06153CDE439}.Debug|Any CPU.ActiveCfg = Debug|x86
		{B5282CDB-3B38-4CF0-B475-D06153CDE439}.Debug|Mixed Platforms.ActiveCfg = Debug|x86
		{B5282CDB-3B38-4CF0-B475-D06153CDE439}.Debug|Mixed Platforms.Build.0 = Debug|x86
		{B5282CDB-3B38-4CF0-B475-D06153CDE439}.Debug|x86.ActiveCfg = Debug|x86
		{B5282CDB-3B38-4CF0-B475-D06153CDE439}.Debug|x86.Build.0 = Debug|x86
		{B5282CDB-3B38-4CF0-B475-D06153CDE439}.Release|Any CPU.ActiveCfg = Release|x86
		{B5282CDB-3B38-4CF0-B475-D06153CDE439}.Release|Mixed Platforms.ActiveCfg = Release|x86
		{B5282CDB-3B38-4CF0-B475-D06153CDE439}.Release|Mixed Platforms.Build.0 = Release|x86
		{B5282CDB-3B38-4CF0-B475-D06153CDE439}.Release|x86.ActiveCfg = Release|x86
		{B5282CDB-3B38-4CF0-B475-D06153CDE439}.Release|x86.Build.0 = Release|x86
		{F3715FDE-723A-4F7B-A965-36BAA751D442}.Debug|Any CPU.ActiveCfg = Debug|x86
		{F3715FDE-723A-4F7B-A965-36BAA751D442}.Debug|Mixed Platforms.ActiveCfg = Debug|x86
		{F3715FDE-723A-4F7B-A965-36BAA751D442}.Debug|Mixed Platforms.Build.0 = Debug|x86
		{F3715FDE-723A-4F7B-A965-36BAA751D442}.Debug|x86.ActiveCfg = Debug|x86
		{F3715FDE-723A-4F7B-A965-36BAA751D442}.Debug|x86.Build.0 = Debug|x86
		{F3715FDE-723A-4F7B-A965-36BAA751D442}.Release|Any CPU.ActiveCfg = Release|x86
		{F3715FDE-723A-4F7B-A965-36BAA751D442}.Release|Mixed Platforms.ActiveCfg = Release|x86
		{F3715FDE-723A-4F7B-A965-36BAA751D442}.Release|Mixed Platforms.Build.0 = Release|x86
		{F3715FDE-723A-4F7B-A965-36BAA751D442}.Release|x86.ActiveCfg = Release|x86
		{F3715FDE-723A-4F7B-A965-36BAA751D442}.Release|x86.Build.0 = Release|x86
		{912E9F06-D32C-4D52-BBE3-3E6F2BFFE3AE}.Debug|Any CPU.ActiveCfg = Debug|Any CPU
		{912E9F06-D32C-4D52-BBE3-3E6F2BFFE3AE}.Debug|Any CPU.Build.0 = Debug|Any CPU
		{912E9F06-D32C-4D52-BBE3-3E6F2BFFE3AE}.Debug|Mixed Platforms.ActiveCfg = Debug|Any CPU
		{912E9F06-D32C-4D52-BBE3-3E6F2BFFE3AE}.Debug|Mixed Platforms.Build.0 = Debug|Any CPU
		{912E9F06-D32C-4D52-BBE3-3E6F2BFFE3AE}.Debug|x86.ActiveCfg = Debug|Any CPU
		{912E9F06-D32C-4D52-BBE3-3E6F2BFFE3AE}.Release|Any CPU.ActiveCfg = Release|Any CPU
		{912E9F06-D32C-4D52-BBE3-3E6F2BFFE3AE}.Release|Any CPU.Build.0 = Release|Any CPU
		{912E9F06-D32C-4D52-BBE3-3E6F2BFFE3AE}.Release|Mixed Platforms.ActiveCfg = Release|Any CPU
		{912E9F06-D32C-4D52-BBE3-3E6F2BFFE3AE}.Release|Mixed Platforms.Build.0 = Release|Any CPU
		{912E9F06-D32C-4D52-BBE3-3E6F2BFFE3AE}.Release|x86.ActiveCfg = Release|Any CPU
		{8B3FA673-72BE-4817-8D8B-1B5405F31F0B}.Debug|Any CPU.ActiveCfg = Debug|x86
		{8B3FA673-72BE-4817-8D8B-1B5405F31F0B}.Debug|Mixed Platforms.ActiveCfg = Debug|x86
		{8B3FA673-72BE-4817-8D8B-1B5405F31F0B}.Debug|Mixed Platforms.Build.0 = Debug|x86
		{8B3FA673-72BE-4817-8D8B-1B5405F31F0B}.Debug|x86.ActiveCfg = Debug|x86
		{8B3FA673-72BE-4817-8D8B-1B5405F31F0B}.Debug|x86.Build.0 = Debug|x86
		{8B3FA673-72BE-4817-8D8B-1B5405F31F0B}.Release|Any CPU.ActiveCfg = Release|x86
		{8B3FA673-72BE-4817-8D8B-1B5405F31F0B}.Release|Mixed Platforms.ActiveCfg = Release|x86
		{8B3FA673-72BE-4817-8D8B-1B5405F31F0B}.Release|Mixed Platforms.Build.0 = Release|x86
		{8B3FA673-72BE-4817-8D8B-1B5405F31F0B}.Release|x86.ActiveCfg = Release|x86
		{8B3FA673-72BE-4817-8D8B-1B5405F31F0B}.Release|x86.Build.0 = Release|x86
		{EF08E7CF-AF8A-4FA5-BDB7-FB030F0FD704}.Debug|Any CPU.ActiveCfg = Debug|x86
		{EF08E7CF-AF8A-4FA5-BDB7-FB030F0FD704}.Debug|Mixed Platforms.ActiveCfg = Debug|x86
		{EF08E7CF-AF8A-4FA5-BDB7-FB030F0FD704}.Debug|Mixed Platforms.Build.0 = Debug|x86
		{EF08E7CF-AF8A-4FA5-BDB7-FB030F0FD704}.Debug|x86.ActiveCfg = Debug|x86
		{EF08E7CF-AF8A-4FA5-BDB7-FB030F0FD704}.Debug|x86.Build.0 = Debug|x86
		{EF08E7CF-AF8A-4FA5-BDB7-FB030F0FD704}.Release|Any CPU.ActiveCfg = Release|x86
		{EF08E7CF-AF8A-4FA5-BDB7-FB030F0FD704}.Release|Mixed Platforms.ActiveCfg = Release|x86
		{EF08E7CF-AF8A-4FA5-BDB7-FB030F0FD704}.Release|Mixed Platforms.Build.0 = Release|x86
		{EF08E7CF-AF8A-4FA5-BDB7-FB030F0FD704}.Release|x86.ActiveCfg = Release|x86
		{EF08E7CF-AF8A-4FA5-BDB7-FB030F0FD704}.Release|x86.Build.0 = Release|x86
		{75A92CB9-9DD3-4F52-BA94-05BCDCCD239B}.Debug|Any CPU.ActiveCfg = Debug|x86
		{75A92CB9-9DD3-4F52-BA94-05BCDCCD239B}.Debug|Mixed Platforms.ActiveCfg = Debug|x86
		{75A92CB9-9DD3-4F52-BA94-05BCDCCD239B}.Debug|Mixed Platforms.Build.0 = Debug|x86
		{75A92CB9-9DD3-4F52-BA94-05BCDCCD239B}.Debug|x86.ActiveCfg = Debug|x86
		{75A92CB9-9DD3-4F52-BA94-05BCDCCD239B}.Debug|x86.Build.0 = Debug|x86
		{75A92CB9-9DD3-4F52-BA94-05BCDCCD239B}.Release|Any CPU.ActiveCfg = Release|x86
		{75A92CB9-9DD3-4F52-BA94-05BCDCCD239B}.Release|Mixed Platforms.ActiveCfg = Release|x86
		{75A92CB9-9DD3-4F52-BA94-05BCDCCD239B}.Release|Mixed Platforms.Build.0 = Release|x86
		{75A92CB9-9DD3-4F52-BA94-05BCDCCD239B}.Release|x86.ActiveCfg = Release|x86
		{75A92CB9-9DD3-4F52-BA94-05BCDCCD239B}.Release|x86.Build.0 = Release|x86
		{CF7F04AE-7DA5-48C5-BB08-DC57D3192A2D}.Debug|Any CPU.ActiveCfg = Debug|x86
		{CF7F04AE-7DA5-48C5-BB08-DC57D3192A2D}.Debug|Mixed Platforms.ActiveCfg = Debug|x86
		{CF7F04AE-7DA5-48C5-BB08-DC57D3192A2D}.Debug|Mixed Platforms.Build.0 = Debug|x86
		{CF7F04AE-7DA5-48C5-BB08-DC57D3192A2D}.Debug|x86.ActiveCfg = Debug|x86
		{CF7F04AE-7DA5-48C5-BB08-DC57D3192A2D}.Debug|x86.Build.0 = Debug|x86
		{CF7F04AE-7DA5-48C5-BB08-DC57D3192A2D}.Release|Any CPU.ActiveCfg = Release|x86
		{CF7F04AE-7DA5-48C5-BB08-DC57D3192A2D}.Release|Mixed Platforms.ActiveCfg = Release|x86
		{CF7F04AE-7DA5-48C5-BB08-DC57D3192A2D}.Release|Mixed Platforms.Build.0 = Release|x86
		{CF7F04AE-7DA5-48C5-BB08-DC57D3192A2D}.Release|x86.ActiveCfg = Release|x86
		{CF7F04AE-7DA5-48C5-BB08-DC57D3192A2D}.Release|x86.Build.0 = Release|x86
		{80B76C06-7A17-4CBC-A4BC-CADBFA8A3025}.Debug|Any CPU.ActiveCfg = Debug|Any CPU
		{80B76C06-7A17-4CBC-A4BC-CADBFA8A3025}.Debug|Any CPU.Build.0 = Debug|Any CPU
		{80B76C06-7A17-4CBC-A4BC-CADBFA8A3025}.Debug|Mixed Platforms.ActiveCfg = Debug|Any CPU
		{80B76C06-7A17-4CBC-A4BC-CADBFA8A3025}.Debug|Mixed Platforms.Build.0 = Debug|Any CPU
		{80B76C06-7A17-4CBC-A4BC-CADBFA8A3025}.Debug|x86.ActiveCfg = Debug|Any CPU
		{80B76C06-7A17-4CBC-A4BC-CADBFA8A3025}.Release|Any CPU.ActiveCfg = Release|Any CPU
		{80B76C06-7A17-4CBC-A4BC-CADBFA8A3025}.Release|Any CPU.Build.0 = Release|Any CPU
		{80B76C06-7A17-4CBC-A4BC-CADBFA8A3025}.Release|Mixed Platforms.ActiveCfg = Release|Any CPU
		{80B76C06-7A17-4CBC-A4BC-CADBFA8A3025}.Release|Mixed Platforms.Build.0 = Release|Any CPU
		{80B76C06-7A17-4CBC-A4BC-CADBFA8A3025}.Release|x86.ActiveCfg = Release|Any CPU
		{1A2EEC44-A494-4BA6-A591-267B73A55CD1}.Debug|Any CPU.ActiveCfg = Debug|x86
		{1A2EEC44-A494-4BA6-A591-267B73A55CD1}.Debug|Mixed Platforms.ActiveCfg = Debug|x86
		{1A2EEC44-A494-4BA6-A591-267B73A55CD1}.Debug|Mixed Platforms.Build.0 = Debug|x86
		{1A2EEC44-A494-4BA6-A591-267B73A55CD1}.Debug|x86.ActiveCfg = Debug|x86
		{1A2EEC44-A494-4BA6-A591-267B73A55CD1}.Debug|x86.Build.0 = Debug|x86
		{1A2EEC44-A494-4BA6-A591-267B73A55CD1}.Release|Any CPU.ActiveCfg = Release|x86
		{1A2EEC44-A494-4BA6-A591-267B73A55CD1}.Release|Mixed Platforms.ActiveCfg = Release|x86
		{1A2EEC44-A494-4BA6-A591-267B73A55CD1}.Release|Mixed Platforms.Build.0 = Release|x86
		{1A2EEC44-A494-4BA6-A591-267B73A55CD1}.Release|x86.ActiveCfg = Release|x86
		{1A2EEC44-A494-4BA6-A591-267B73A55CD1}.Release|x86.Build.0 = Release|x86
	EndGlobalSection
	GlobalSection(SolutionProperties) = preSolution
		HideSolutionNode = FALSE
	EndGlobalSection
EndGlobal
