
Microsoft Visual Studio Solution File, Format Version 11.00
# Visual Studio 2010
Project("{FAE04EC0-301F-11D3-BF4B-00C04F79EFBC}") = "Orbita.VAComun", "Orbita.VAComun\Orbita.VAComun.csproj", "{CC36FE63-3F16-4355-A11D-F0926DFBC977}"
EndProject
Project("{FAE04EC0-301F-11D3-BF4B-00C04F79EFBC}") = "Orbita.VAControl", "Orbita.VAControl\Orbita.VAControl.csproj", "{1CA30AAB-0DA9-4947-B5C5-E81E9A2D9C18}"
EndProject
Project("{FAE04EC0-301F-11D3-BF4B-00C04F79EFBC}") = "Orbita.VAFunciones", "Orbita.VAFunciones\Orbita.VAFunciones.csproj", "{80C544D1-CA4E-4836-84DD-EB90E7042B5B}"
EndProject
Project("{FAE04EC0-301F-11D3-BF4B-00C04F79EFBC}") = "Orbita.VAGeneradorEscenarios", "Orbita.VAGeneradorEscenarios\Orbita.VAGeneradorEscenarios.csproj", "{0E3EC51A-D639-4815-A4DF-A119362891C3}"
EndProject
Project("{FAE04EC0-301F-11D3-BF4B-00C04F79EFBC}") = "Orbita.VAHardware", "Orbita.VAHardware\Orbita.VAHardware.csproj", "{B336255B-92F8-4DAE-9051-C930269AA460}"
EndProject
Global
	GlobalSection(TeamFoundationVersionControl) = preSolution
		SccNumberOfProjects = 6
		SccEnterpriseProvider = {4CA58AB2-18FA-4F8D-95D4-32DDF27D184C}
		SccTeamFoundationServer = http://01x0019:8080/tfs/orbitasoftware
		SccLocalPath0 = .
		SccProjectUniqueName1 = Orbita.VAComun\\Orbita.VAComun.csproj
		SccProjectName1 = Orbita.VAComun
		SccLocalPath1 = Orbita.VAComun
		SccProjectUniqueName2 = Orbita.VAControl\\Orbita.VAControl.csproj
		SccProjectName2 = Orbita.VAControl
		SccLocalPath2 = Orbita.VAControl
		SccProjectUniqueName3 = Orbita.VAFunciones\\Orbita.VAFunciones.csproj
		SccProjectName3 = Orbita.VAFunciones
		SccLocalPath3 = Orbita.VAFunciones
		SccProjectUniqueName4 = Orbita.VAGeneradorEscenarios\\Orbita.VAGeneradorEscenarios.csproj
		SccProjectName4 = Orbita.VAGeneradorEscenarios
		SccLocalPath4 = Orbita.VAGeneradorEscenarios
		SccProjectUniqueName5 = Orbita.VAHardware\\Orbita.VAHardware.csproj
		SccProjectName5 = Orbita.VAHardware
		SccLocalPath5 = Orbita.VAHardware
	EndGlobalSection
	GlobalSection(SolutionConfigurationPlatforms) = preSolution
		Debug|Any CPU = Debug|Any CPU
		Debug|Mixed Platforms = Debug|Mixed Platforms
		Debug|x86 = Debug|x86
		Forzar32|Any CPU = Forzar32|Any CPU
		Forzar32|Mixed Platforms = Forzar32|Mixed Platforms
		Forzar32|x86 = Forzar32|x86
		Ofuscado|Any CPU = Ofuscado|Any CPU
		Ofuscado|Mixed Platforms = Ofuscado|Mixed Platforms
		Ofuscado|x86 = Ofuscado|x86
		Release|Any CPU = Release|Any CPU
		Release|Mixed Platforms = Release|Mixed Platforms
		Release|x86 = Release|x86
	EndGlobalSection
	GlobalSection(ProjectConfigurationPlatforms) = postSolution
		{CC36FE63-3F16-4355-A11D-F0926DFBC977}.Debug|Any CPU.ActiveCfg = Debug|Any CPU
		{CC36FE63-3F16-4355-A11D-F0926DFBC977}.Debug|Any CPU.Build.0 = Debug|Any CPU
		{CC36FE63-3F16-4355-A11D-F0926DFBC977}.Debug|Mixed Platforms.ActiveCfg = Debug|x86
		{CC36FE63-3F16-4355-A11D-F0926DFBC977}.Debug|Mixed Platforms.Build.0 = Debug|x86
		{CC36FE63-3F16-4355-A11D-F0926DFBC977}.Debug|x86.ActiveCfg = Debug|x86
		{CC36FE63-3F16-4355-A11D-F0926DFBC977}.Debug|x86.Build.0 = Debug|x86
		{CC36FE63-3F16-4355-A11D-F0926DFBC977}.Forzar32|Any CPU.ActiveCfg = Forzar32|Any CPU
		{CC36FE63-3F16-4355-A11D-F0926DFBC977}.Forzar32|Any CPU.Build.0 = Forzar32|Any CPU
		{CC36FE63-3F16-4355-A11D-F0926DFBC977}.Forzar32|Mixed Platforms.ActiveCfg = Forzar32|x86
		{CC36FE63-3F16-4355-A11D-F0926DFBC977}.Forzar32|Mixed Platforms.Build.0 = Forzar32|x86
		{CC36FE63-3F16-4355-A11D-F0926DFBC977}.Forzar32|x86.ActiveCfg = Forzar32|x86
		{CC36FE63-3F16-4355-A11D-F0926DFBC977}.Forzar32|x86.Build.0 = Forzar32|x86
		{CC36FE63-3F16-4355-A11D-F0926DFBC977}.Ofuscado|Any CPU.ActiveCfg = Ofuscado|Any CPU
		{CC36FE63-3F16-4355-A11D-F0926DFBC977}.Ofuscado|Any CPU.Build.0 = Ofuscado|Any CPU
		{CC36FE63-3F16-4355-A11D-F0926DFBC977}.Ofuscado|Mixed Platforms.ActiveCfg = Ofuscado|x86
		{CC36FE63-3F16-4355-A11D-F0926DFBC977}.Ofuscado|Mixed Platforms.Build.0 = Ofuscado|x86
		{CC36FE63-3F16-4355-A11D-F0926DFBC977}.Ofuscado|x86.ActiveCfg = Ofuscado|x86
		{CC36FE63-3F16-4355-A11D-F0926DFBC977}.Ofuscado|x86.Build.0 = Ofuscado|x86
		{CC36FE63-3F16-4355-A11D-F0926DFBC977}.Release|Any CPU.ActiveCfg = Release|Any CPU
		{CC36FE63-3F16-4355-A11D-F0926DFBC977}.Release|Any CPU.Build.0 = Release|Any CPU
		{CC36FE63-3F16-4355-A11D-F0926DFBC977}.Release|Mixed Platforms.ActiveCfg = Release|x86
		{CC36FE63-3F16-4355-A11D-F0926DFBC977}.Release|Mixed Platforms.Build.0 = Release|x86
		{CC36FE63-3F16-4355-A11D-F0926DFBC977}.Release|x86.ActiveCfg = Release|x86
		{CC36FE63-3F16-4355-A11D-F0926DFBC977}.Release|x86.Build.0 = Release|x86
		{1CA30AAB-0DA9-4947-B5C5-E81E9A2D9C18}.Debug|Any CPU.ActiveCfg = Debug|Any CPU
		{1CA30AAB-0DA9-4947-B5C5-E81E9A2D9C18}.Debug|Any CPU.Build.0 = Debug|Any CPU
		{1CA30AAB-0DA9-4947-B5C5-E81E9A2D9C18}.Debug|Mixed Platforms.ActiveCfg = Debug|x86
		{1CA30AAB-0DA9-4947-B5C5-E81E9A2D9C18}.Debug|Mixed Platforms.Build.0 = Debug|x86
		{1CA30AAB-0DA9-4947-B5C5-E81E9A2D9C18}.Debug|x86.ActiveCfg = Debug|x86
		{1CA30AAB-0DA9-4947-B5C5-E81E9A2D9C18}.Debug|x86.Build.0 = Debug|x86
		{1CA30AAB-0DA9-4947-B5C5-E81E9A2D9C18}.Forzar32|Any CPU.ActiveCfg = Forzar32|Any CPU
		{1CA30AAB-0DA9-4947-B5C5-E81E9A2D9C18}.Forzar32|Any CPU.Build.0 = Forzar32|Any CPU
		{1CA30AAB-0DA9-4947-B5C5-E81E9A2D9C18}.Forzar32|Mixed Platforms.ActiveCfg = Forzar32|x86
		{1CA30AAB-0DA9-4947-B5C5-E81E9A2D9C18}.Forzar32|Mixed Platforms.Build.0 = Forzar32|x86
		{1CA30AAB-0DA9-4947-B5C5-E81E9A2D9C18}.Forzar32|x86.ActiveCfg = Forzar32|x86
		{1CA30AAB-0DA9-4947-B5C5-E81E9A2D9C18}.Forzar32|x86.Build.0 = Forzar32|x86
		{1CA30AAB-0DA9-4947-B5C5-E81E9A2D9C18}.Ofuscado|Any CPU.ActiveCfg = Ofuscado|Any CPU
		{1CA30AAB-0DA9-4947-B5C5-E81E9A2D9C18}.Ofuscado|Any CPU.Build.0 = Ofuscado|Any CPU
		{1CA30AAB-0DA9-4947-B5C5-E81E9A2D9C18}.Ofuscado|Mixed Platforms.ActiveCfg = Ofuscado|x86
		{1CA30AAB-0DA9-4947-B5C5-E81E9A2D9C18}.Ofuscado|Mixed Platforms.Build.0 = Ofuscado|x86
		{1CA30AAB-0DA9-4947-B5C5-E81E9A2D9C18}.Ofuscado|x86.ActiveCfg = Ofuscado|x86
		{1CA30AAB-0DA9-4947-B5C5-E81E9A2D9C18}.Ofuscado|x86.Build.0 = Ofuscado|x86
		{1CA30AAB-0DA9-4947-B5C5-E81E9A2D9C18}.Release|Any CPU.ActiveCfg = Release|Any CPU
		{1CA30AAB-0DA9-4947-B5C5-E81E9A2D9C18}.Release|Any CPU.Build.0 = Release|Any CPU
		{1CA30AAB-0DA9-4947-B5C5-E81E9A2D9C18}.Release|Mixed Platforms.ActiveCfg = Release|x86
		{1CA30AAB-0DA9-4947-B5C5-E81E9A2D9C18}.Release|Mixed Platforms.Build.0 = Release|x86
		{1CA30AAB-0DA9-4947-B5C5-E81E9A2D9C18}.Release|x86.ActiveCfg = Release|x86
		{1CA30AAB-0DA9-4947-B5C5-E81E9A2D9C18}.Release|x86.Build.0 = Release|x86
		{80C544D1-CA4E-4836-84DD-EB90E7042B5B}.Debug|Any CPU.ActiveCfg = Debug|Any CPU
		{80C544D1-CA4E-4836-84DD-EB90E7042B5B}.Debug|Any CPU.Build.0 = Debug|Any CPU
		{80C544D1-CA4E-4836-84DD-EB90E7042B5B}.Debug|Mixed Platforms.ActiveCfg = Debug|x86
		{80C544D1-CA4E-4836-84DD-EB90E7042B5B}.Debug|Mixed Platforms.Build.0 = Debug|x86
		{80C544D1-CA4E-4836-84DD-EB90E7042B5B}.Debug|x86.ActiveCfg = Debug|x86
		{80C544D1-CA4E-4836-84DD-EB90E7042B5B}.Debug|x86.Build.0 = Debug|x86
		{80C544D1-CA4E-4836-84DD-EB90E7042B5B}.Forzar32|Any CPU.ActiveCfg = Forzar32|Any CPU
		{80C544D1-CA4E-4836-84DD-EB90E7042B5B}.Forzar32|Any CPU.Build.0 = Forzar32|Any CPU
		{80C544D1-CA4E-4836-84DD-EB90E7042B5B}.Forzar32|Mixed Platforms.ActiveCfg = Forzar32|x86
		{80C544D1-CA4E-4836-84DD-EB90E7042B5B}.Forzar32|Mixed Platforms.Build.0 = Forzar32|x86
		{80C544D1-CA4E-4836-84DD-EB90E7042B5B}.Forzar32|x86.ActiveCfg = Forzar32|x86
		{80C544D1-CA4E-4836-84DD-EB90E7042B5B}.Forzar32|x86.Build.0 = Forzar32|x86
		{80C544D1-CA4E-4836-84DD-EB90E7042B5B}.Ofuscado|Any CPU.ActiveCfg = Ofuscado|Any CPU
		{80C544D1-CA4E-4836-84DD-EB90E7042B5B}.Ofuscado|Any CPU.Build.0 = Ofuscado|Any CPU
		{80C544D1-CA4E-4836-84DD-EB90E7042B5B}.Ofuscado|Mixed Platforms.ActiveCfg = Ofuscado|x86
		{80C544D1-CA4E-4836-84DD-EB90E7042B5B}.Ofuscado|Mixed Platforms.Build.0 = Ofuscado|x86
		{80C544D1-CA4E-4836-84DD-EB90E7042B5B}.Ofuscado|x86.ActiveCfg = Ofuscado|x86
		{80C544D1-CA4E-4836-84DD-EB90E7042B5B}.Ofuscado|x86.Build.0 = Ofuscado|x86
		{80C544D1-CA4E-4836-84DD-EB90E7042B5B}.Release|Any CPU.ActiveCfg = Release|Any CPU
		{80C544D1-CA4E-4836-84DD-EB90E7042B5B}.Release|Any CPU.Build.0 = Release|Any CPU
		{80C544D1-CA4E-4836-84DD-EB90E7042B5B}.Release|Mixed Platforms.ActiveCfg = Release|x86
		{80C544D1-CA4E-4836-84DD-EB90E7042B5B}.Release|Mixed Platforms.Build.0 = Release|x86
		{80C544D1-CA4E-4836-84DD-EB90E7042B5B}.Release|x86.ActiveCfg = Release|x86
		{80C544D1-CA4E-4836-84DD-EB90E7042B5B}.Release|x86.Build.0 = Release|x86
		{0E3EC51A-D639-4815-A4DF-A119362891C3}.Debug|Any CPU.ActiveCfg = Debug|Any CPU
		{0E3EC51A-D639-4815-A4DF-A119362891C3}.Debug|Any CPU.Build.0 = Debug|Any CPU
		{0E3EC51A-D639-4815-A4DF-A119362891C3}.Debug|Mixed Platforms.ActiveCfg = Debug|Any CPU
		{0E3EC51A-D639-4815-A4DF-A119362891C3}.Debug|Mixed Platforms.Build.0 = Debug|Any CPU
		{0E3EC51A-D639-4815-A4DF-A119362891C3}.Debug|x86.ActiveCfg = Debug|Any CPU
		{0E3EC51A-D639-4815-A4DF-A119362891C3}.Forzar32|Any CPU.ActiveCfg = Release|Any CPU
		{0E3EC51A-D639-4815-A4DF-A119362891C3}.Forzar32|Any CPU.Build.0 = Release|Any CPU
		{0E3EC51A-D639-4815-A4DF-A119362891C3}.Forzar32|Mixed Platforms.ActiveCfg = Release|Any CPU
		{0E3EC51A-D639-4815-A4DF-A119362891C3}.Forzar32|Mixed Platforms.Build.0 = Release|Any CPU
		{0E3EC51A-D639-4815-A4DF-A119362891C3}.Forzar32|x86.ActiveCfg = Release|Any CPU
		{0E3EC51A-D639-4815-A4DF-A119362891C3}.Ofuscado|Any CPU.ActiveCfg = Ofuscado|Any CPU
		{0E3EC51A-D639-4815-A4DF-A119362891C3}.Ofuscado|Any CPU.Build.0 = Ofuscado|Any CPU
		{0E3EC51A-D639-4815-A4DF-A119362891C3}.Ofuscado|Mixed Platforms.ActiveCfg = Ofuscado|Any CPU
		{0E3EC51A-D639-4815-A4DF-A119362891C3}.Ofuscado|Mixed Platforms.Build.0 = Ofuscado|Any CPU
		{0E3EC51A-D639-4815-A4DF-A119362891C3}.Ofuscado|x86.ActiveCfg = Ofuscado|Any CPU
		{0E3EC51A-D639-4815-A4DF-A119362891C3}.Ofuscado|x86.Build.0 = Ofuscado|Any CPU
		{0E3EC51A-D639-4815-A4DF-A119362891C3}.Release|Any CPU.ActiveCfg = Release|Any CPU
		{0E3EC51A-D639-4815-A4DF-A119362891C3}.Release|Any CPU.Build.0 = Release|Any CPU
		{0E3EC51A-D639-4815-A4DF-A119362891C3}.Release|Mixed Platforms.ActiveCfg = Release|Any CPU
		{0E3EC51A-D639-4815-A4DF-A119362891C3}.Release|Mixed Platforms.Build.0 = Release|Any CPU
		{0E3EC51A-D639-4815-A4DF-A119362891C3}.Release|x86.ActiveCfg = Release|Any CPU
		{B336255B-92F8-4DAE-9051-C930269AA460}.Debug|Any CPU.ActiveCfg = Debug|Any CPU
		{B336255B-92F8-4DAE-9051-C930269AA460}.Debug|Any CPU.Build.0 = Debug|Any CPU
		{B336255B-92F8-4DAE-9051-C930269AA460}.Debug|Mixed Platforms.ActiveCfg = Debug|x86
		{B336255B-92F8-4DAE-9051-C930269AA460}.Debug|Mixed Platforms.Build.0 = Debug|x86
		{B336255B-92F8-4DAE-9051-C930269AA460}.Debug|x86.ActiveCfg = Debug|x86
		{B336255B-92F8-4DAE-9051-C930269AA460}.Debug|x86.Build.0 = Debug|x86
		{B336255B-92F8-4DAE-9051-C930269AA460}.Forzar32|Any CPU.ActiveCfg = Forzar32|Any CPU
		{B336255B-92F8-4DAE-9051-C930269AA460}.Forzar32|Any CPU.Build.0 = Forzar32|Any CPU
		{B336255B-92F8-4DAE-9051-C930269AA460}.Forzar32|Mixed Platforms.ActiveCfg = Forzar32|x86
		{B336255B-92F8-4DAE-9051-C930269AA460}.Forzar32|Mixed Platforms.Build.0 = Forzar32|x86
		{B336255B-92F8-4DAE-9051-C930269AA460}.Forzar32|x86.ActiveCfg = Forzar32|x86
		{B336255B-92F8-4DAE-9051-C930269AA460}.Forzar32|x86.Build.0 = Forzar32|x86
		{B336255B-92F8-4DAE-9051-C930269AA460}.Ofuscado|Any CPU.ActiveCfg = Ofuscado|Any CPU
		{B336255B-92F8-4DAE-9051-C930269AA460}.Ofuscado|Any CPU.Build.0 = Ofuscado|Any CPU
		{B336255B-92F8-4DAE-9051-C930269AA460}.Ofuscado|Mixed Platforms.ActiveCfg = Ofuscado|x86
		{B336255B-92F8-4DAE-9051-C930269AA460}.Ofuscado|Mixed Platforms.Build.0 = Ofuscado|x86
		{B336255B-92F8-4DAE-9051-C930269AA460}.Ofuscado|x86.ActiveCfg = Ofuscado|x86
		{B336255B-92F8-4DAE-9051-C930269AA460}.Ofuscado|x86.Build.0 = Ofuscado|x86
		{B336255B-92F8-4DAE-9051-C930269AA460}.Release|Any CPU.ActiveCfg = Release|Any CPU
		{B336255B-92F8-4DAE-9051-C930269AA460}.Release|Any CPU.Build.0 = Release|Any CPU
		{B336255B-92F8-4DAE-9051-C930269AA460}.Release|Mixed Platforms.ActiveCfg = Release|x86
		{B336255B-92F8-4DAE-9051-C930269AA460}.Release|Mixed Platforms.Build.0 = Release|x86
		{B336255B-92F8-4DAE-9051-C930269AA460}.Release|x86.ActiveCfg = Release|x86
		{B336255B-92F8-4DAE-9051-C930269AA460}.Release|x86.Build.0 = Release|x86
	EndGlobalSection
	GlobalSection(SolutionProperties) = preSolution
		HideSolutionNode = FALSE
	EndGlobalSection
EndGlobal
